PODS:
  - Realm (10.32.3):
    - Realm/Headers (= 10.32.3)
  - Realm/Headers (10.32.3)
  - RealmSwift (10.32.3):
    - Realm (= 10.32.3)
  - Zip (2.1.2)

DEPENDENCIES:
  - RealmSwift
  - Zip (~> 2.1)

SPEC REPOS:
  trunk:
    - Realm
    - RealmSwift
    - Zip

SPEC CHECKSUMS:
  Realm: fdf6732924dc5e69e30e0db2c11e869f92b53f3d
  RealmSwift: 7c181da8fa1c2fe613656a77c198d6a3dc3879a1
  Zip: b3fef584b147b6e582b2256a9815c897d60ddc67

PODFILE CHECKSUM: f6bd1b38a029700e04de1e05a5531d70808dc70a

COCOAPODS: 1.11.3
