// !$*UTF8*$!
{
	archiveVersion = 1;
	classes = {
	};
	objectVersion = 55;
	objects = {

/* Begin PBXBuildFile section */
		44989FA2FA524E8EEEBA60C5 /* Pods_NostelgiAlbumTests.framework in Frameworks */ = {isa = PBXBuildFile; fileRef = 401EAAE9DE0F626378A73BD5 /* Pods_NostelgiAlbumTests.framework */; };
		542A5706277B9EFA322C469D /* Pods_NostelgiAlbum_NostelgiAlbumUITests.framework in Frameworks */ = {isa = PBXBuildFile; fileRef = A37BCC6121739C6133FF1DE6 /* Pods_NostelgiAlbum_NostelgiAlbumUITests.framework */; };
		8002F65328EE905B00E9913D /* HomeScreenViewController.swift in Sources */ = {isa = PBXBuildFile; fileRef = 8002F65228EE905B00E9913D /* HomeScreenViewController.swift */; };
		8002F65528EE9D1800E9913D /* HomeScreenCollectionViewCell.swift in Sources */ = {isa = PBXBuildFile; fileRef = 8002F65428EE9D1800E9913D /* HomeScreenCollectionViewCell.swift */; };
		8020034B290FBB9200FCD54F /* AlbumScreenViewController.swift in Sources */ = {isa = PBXBuildFile; fileRef = 8020034A290FBB9200FCD54F /* AlbumScreenViewController.swift */; };
		804C7E8E295835D200C63880 /* ImageFunc.swift in Sources */ = {isa = PBXBuildFile; fileRef = 804C7E8D295835D200C63880 /* ImageFunc.swift */; };
		806A653E293873C80054FAEF /* HomeEditViewController.swift in Sources */ = {isa = PBXBuildFile; fileRef = 806A653D293873C80054FAEF /* HomeEditViewController.swift */; };
		807A193C29312CEF00BC434B /* RealmClassFunc.swift in Sources */ = {isa = PBXBuildFile; fileRef = 807A193B29312CEE00BC434B /* RealmClassFunc.swift */; };
		807FF50129260656005D9884 /* InfoToolTableViewCell.swift in Sources */ = {isa = PBXBuildFile; fileRef = 807FF50029260656005D9884 /* InfoToolTableViewCell.swift */; };
		8092C3A3298CE6F0007FFEF3 /* HomeEditViewController+ButtonAction.swift in Sources */ = {isa = PBXBuildFile; fileRef = 8092C3A2298CE6F0007FFEF3 /* HomeEditViewController+ButtonAction.swift */; };
		8092C3A5298CF1AA007FFEF3 /* CollectionView+ButtonAction.swift in Sources */ = {isa = PBXBuildFile; fileRef = 8092C3A4298CF1AA007FFEF3 /* CollectionView+ButtonAction.swift */; };
		8094CA2428EDC65500E70F76 /* AppDelegate.swift in Sources */ = {isa = PBXBuildFile; fileRef = 8094CA2328EDC65500E70F76 /* AppDelegate.swift */; };
		8094CA2628EDC65500E70F76 /* SceneDelegate.swift in Sources */ = {isa = PBXBuildFile; fileRef = 8094CA2528EDC65500E70F76 /* SceneDelegate.swift */; };
		8094CA2B28EDC65500E70F76 /* Main.storyboard in Resources */ = {isa = PBXBuildFile; fileRef = 8094CA2928EDC65500E70F76 /* Main.storyboard */; };
		8094CA2D28EDC65900E70F76 /* Assets.xcassets in Resources */ = {isa = PBXBuildFile; fileRef = 8094CA2C28EDC65900E70F76 /* Assets.xcassets */; };
		8094CA3028EDC65900E70F76 /* LaunchScreen.storyboard in Resources */ = {isa = PBXBuildFile; fileRef = 8094CA2E28EDC65900E70F76 /* LaunchScreen.storyboard */; };
		8094CA3B28EDC65900E70F76 /* NostelgiAlbumTests.swift in Sources */ = {isa = PBXBuildFile; fileRef = 8094CA3A28EDC65900E70F76 /* NostelgiAlbumTests.swift */; };
		8094CA4528EDC65900E70F76 /* NostelgiAlbumUITests.swift in Sources */ = {isa = PBXBuildFile; fileRef = 8094CA4428EDC65900E70F76 /* NostelgiAlbumUITests.swift */; };
		8094CA4728EDC65900E70F76 /* NostelgiAlbumUITestsLaunchTests.swift in Sources */ = {isa = PBXBuildFile; fileRef = 8094CA4628EDC65900E70F76 /* NostelgiAlbumUITestsLaunchTests.swift */; };
		80C56D18298CE5360063688F /* HomeScreenViewController+CollectionView.swift in Sources */ = {isa = PBXBuildFile; fileRef = 80C56D17298CE5360063688F /* HomeScreenViewController+CollectionView.swift */; };
		80DF50AE290FBF80009EE336 /* AlbumScreenCollectionViewCell.swift in Sources */ = {isa = PBXBuildFile; fileRef = 80DF50AD290FBF80009EE336 /* AlbumScreenCollectionViewCell.swift */; };
		8312C9D32921465600556BAE /* InfoToolViewController.swift in Sources */ = {isa = PBXBuildFile; fileRef = 8312C9D22921465600556BAE /* InfoToolViewController.swift */; };
		8312C9D52921482A00556BAE /* SearchToolViewController.swift in Sources */ = {isa = PBXBuildFile; fileRef = 8312C9D42921482A00556BAE /* SearchToolViewController.swift */; };
		831A04D8295EBDCA009D26A0 /* AlbumPicViewController.swift in Sources */ = {isa = PBXBuildFile; fileRef = 831A04D7295EBDCA009D26A0 /* AlbumPicViewController.swift */; };
		831A04DA295EC04C009D26A0 /* ImageViewController.swift in Sources */ = {isa = PBXBuildFile; fileRef = 831A04D9295EC04C009D26A0 /* ImageViewController.swift */; };
		8320291F295EA8E2001709E9 /* AlbumEditViewController.swift in Sources */ = {isa = PBXBuildFile; fileRef = 8320291E295EA8E2001709E9 /* AlbumEditViewController.swift */; };
		83C615C8298B978D0018BBAF /* ShareViewController.swift in Sources */ = {isa = PBXBuildFile; fileRef = 83C615C7298B978D0018BBAF /* ShareViewController.swift */; };
		83C615CA298BA3C90018BBAF /* UTI.swift in Sources */ = {isa = PBXBuildFile; fileRef = 83C615C9298BA3C90018BBAF /* UTI.swift */; };
		9637805CE99D7E121BEE0717 /* Pods_NostelgiAlbum.framework in Frameworks */ = {isa = PBXBuildFile; fileRef = 3A0A83F13AEEA742D0FD55A4 /* Pods_NostelgiAlbum.framework */; };
/* End PBXBuildFile section */

/* Begin PBXContainerItemProxy section */
		8094CA3728EDC65900E70F76 /* PBXContainerItemProxy */ = {
			isa = PBXContainerItemProxy;
			containerPortal = 8094CA1828EDC65500E70F76 /* Project object */;
			proxyType = 1;
			remoteGlobalIDString = 8094CA1F28EDC65500E70F76;
			remoteInfo = NostelgiAlbum;
		};
		8094CA4128EDC65900E70F76 /* PBXContainerItemProxy */ = {
			isa = PBXContainerItemProxy;
			containerPortal = 8094CA1828EDC65500E70F76 /* Project object */;
			proxyType = 1;
			remoteGlobalIDString = 8094CA1F28EDC65500E70F76;
			remoteInfo = NostelgiAlbum;
		};
/* End PBXContainerItemProxy section */

/* Begin PBXFileReference section */
		3799B6D3405FAB35D79C7103 /* Pods-NostelgiAlbum-NostelgiAlbumUITests.release.xcconfig */ = {isa = PBXFileReference; includeInIndex = 1; lastKnownFileType = text.xcconfig; name = "Pods-NostelgiAlbum-NostelgiAlbumUITests.release.xcconfig"; path = "Target Support Files/Pods-NostelgiAlbum-NostelgiAlbumUITests/Pods-NostelgiAlbum-NostelgiAlbumUITests.release.xcconfig"; sourceTree = "<group>"; };
		3A0A83F13AEEA742D0FD55A4 /* Pods_NostelgiAlbum.framework */ = {isa = PBXFileReference; explicitFileType = wrapper.framework; includeInIndex = 0; path = Pods_NostelgiAlbum.framework; sourceTree = BUILT_PRODUCTS_DIR; };
		401EAAE9DE0F626378A73BD5 /* Pods_NostelgiAlbumTests.framework */ = {isa = PBXFileReference; explicitFileType = wrapper.framework; includeInIndex = 0; path = Pods_NostelgiAlbumTests.framework; sourceTree = BUILT_PRODUCTS_DIR; };
		66A42BFB3D9C5A9D8D866E41 /* Pods-NostelgiAlbum.debug.xcconfig */ = {isa = PBXFileReference; includeInIndex = 1; lastKnownFileType = text.xcconfig; name = "Pods-NostelgiAlbum.debug.xcconfig"; path = "Target Support Files/Pods-NostelgiAlbum/Pods-NostelgiAlbum.debug.xcconfig"; sourceTree = "<group>"; };
		8002F65228EE905B00E9913D /* HomeScreenViewController.swift */ = {isa = PBXFileReference; lastKnownFileType = sourcecode.swift; path = HomeScreenViewController.swift; sourceTree = "<group>"; };
		8002F65428EE9D1800E9913D /* HomeScreenCollectionViewCell.swift */ = {isa = PBXFileReference; lastKnownFileType = sourcecode.swift; path = HomeScreenCollectionViewCell.swift; sourceTree = "<group>"; };
		8020034A290FBB9200FCD54F /* AlbumScreenViewController.swift */ = {isa = PBXFileReference; lastKnownFileType = sourcecode.swift; path = AlbumScreenViewController.swift; sourceTree = "<group>"; };
		804C7E8D295835D200C63880 /* ImageFunc.swift */ = {isa = PBXFileReference; lastKnownFileType = sourcecode.swift; path = ImageFunc.swift; sourceTree = "<group>"; };
		806A653D293873C80054FAEF /* HomeEditViewController.swift */ = {isa = PBXFileReference; lastKnownFileType = sourcecode.swift; path = HomeEditViewController.swift; sourceTree = "<group>"; };
		807A193B29312CEE00BC434B /* RealmClassFunc.swift */ = {isa = PBXFileReference; lastKnownFileType = sourcecode.swift; path = RealmClassFunc.swift; sourceTree = "<group>"; };
		807FF50029260656005D9884 /* InfoToolTableViewCell.swift */ = {isa = PBXFileReference; lastKnownFileType = sourcecode.swift; path = InfoToolTableViewCell.swift; sourceTree = "<group>"; };
		8092C3A2298CE6F0007FFEF3 /* HomeEditViewController+ButtonAction.swift */ = {isa = PBXFileReference; lastKnownFileType = sourcecode.swift; path = "HomeEditViewController+ButtonAction.swift"; sourceTree = "<group>"; };
		8092C3A4298CF1AA007FFEF3 /* CollectionView+ButtonAction.swift */ = {isa = PBXFileReference; lastKnownFileType = sourcecode.swift; path = "CollectionView+ButtonAction.swift"; sourceTree = "<group>"; };
		8094CA2028EDC65500E70F76 /* NostelgiAlbum.app */ = {isa = PBXFileReference; explicitFileType = wrapper.application; includeInIndex = 0; path = NostelgiAlbum.app; sourceTree = BUILT_PRODUCTS_DIR; };
		8094CA2328EDC65500E70F76 /* AppDelegate.swift */ = {isa = PBXFileReference; lastKnownFileType = sourcecode.swift; path = AppDelegate.swift; sourceTree = "<group>"; };
		8094CA2528EDC65500E70F76 /* SceneDelegate.swift */ = {isa = PBXFileReference; lastKnownFileType = sourcecode.swift; path = SceneDelegate.swift; sourceTree = "<group>"; };
		8094CA2A28EDC65500E70F76 /* Base */ = {isa = PBXFileReference; lastKnownFileType = file.storyboard; name = Base; path = Base.lproj/Main.storyboard; sourceTree = "<group>"; };
		8094CA2C28EDC65900E70F76 /* Assets.xcassets */ = {isa = PBXFileReference; lastKnownFileType = folder.assetcatalog; path = Assets.xcassets; sourceTree = "<group>"; };
		8094CA2F28EDC65900E70F76 /* Base */ = {isa = PBXFileReference; lastKnownFileType = file.storyboard; name = Base; path = Base.lproj/LaunchScreen.storyboard; sourceTree = "<group>"; };
		8094CA3128EDC65900E70F76 /* Info.plist */ = {isa = PBXFileReference; lastKnownFileType = text.plist.xml; path = Info.plist; sourceTree = "<group>"; };
		8094CA3628EDC65900E70F76 /* NostelgiAlbumTests.xctest */ = {isa = PBXFileReference; explicitFileType = wrapper.cfbundle; includeInIndex = 0; path = NostelgiAlbumTests.xctest; sourceTree = BUILT_PRODUCTS_DIR; };
		8094CA3A28EDC65900E70F76 /* NostelgiAlbumTests.swift */ = {isa = PBXFileReference; lastKnownFileType = sourcecode.swift; path = NostelgiAlbumTests.swift; sourceTree = "<group>"; };
		8094CA4028EDC65900E70F76 /* NostelgiAlbumUITests.xctest */ = {isa = PBXFileReference; explicitFileType = wrapper.cfbundle; includeInIndex = 0; path = NostelgiAlbumUITests.xctest; sourceTree = BUILT_PRODUCTS_DIR; };
		8094CA4428EDC65900E70F76 /* NostelgiAlbumUITests.swift */ = {isa = PBXFileReference; lastKnownFileType = sourcecode.swift; path = NostelgiAlbumUITests.swift; sourceTree = "<group>"; };
		8094CA4628EDC65900E70F76 /* NostelgiAlbumUITestsLaunchTests.swift */ = {isa = PBXFileReference; lastKnownFileType = sourcecode.swift; path = NostelgiAlbumUITestsLaunchTests.swift; sourceTree = "<group>"; };
		80C56D17298CE5360063688F /* HomeScreenViewController+CollectionView.swift */ = {isa = PBXFileReference; lastKnownFileType = sourcecode.swift; path = "HomeScreenViewController+CollectionView.swift"; sourceTree = "<group>"; };
		80DF50AD290FBF80009EE336 /* AlbumScreenCollectionViewCell.swift */ = {isa = PBXFileReference; lastKnownFileType = sourcecode.swift; path = AlbumScreenCollectionViewCell.swift; sourceTree = "<group>"; };
		8312C9D22921465600556BAE /* InfoToolViewController.swift */ = {isa = PBXFileReference; lastKnownFileType = sourcecode.swift; path = InfoToolViewController.swift; sourceTree = "<group>"; };
		8312C9D42921482A00556BAE /* SearchToolViewController.swift */ = {isa = PBXFileReference; lastKnownFileType = sourcecode.swift; path = SearchToolViewController.swift; sourceTree = "<group>"; };
		831A04D7295EBDCA009D26A0 /* AlbumPicViewController.swift */ = {isa = PBXFileReference; lastKnownFileType = sourcecode.swift; path = AlbumPicViewController.swift; sourceTree = "<group>"; };
		831A04D9295EC04C009D26A0 /* ImageViewController.swift */ = {isa = PBXFileReference; lastKnownFileType = sourcecode.swift; path = ImageViewController.swift; sourceTree = "<group>"; };
		8320291E295EA8E2001709E9 /* AlbumEditViewController.swift */ = {isa = PBXFileReference; lastKnownFileType = sourcecode.swift; path = AlbumEditViewController.swift; sourceTree = "<group>"; };
		83C615C7298B978D0018BBAF /* ShareViewController.swift */ = {isa = PBXFileReference; lastKnownFileType = sourcecode.swift; path = ShareViewController.swift; sourceTree = "<group>"; };
		83C615C9298BA3C90018BBAF /* UTI.swift */ = {isa = PBXFileReference; lastKnownFileType = sourcecode.swift; path = UTI.swift; sourceTree = "<group>"; };
		884CF07808E0B766753C3292 /* Pods-NostelgiAlbum-NostelgiAlbumUITests.debug.xcconfig */ = {isa = PBXFileReference; includeInIndex = 1; lastKnownFileType = text.xcconfig; name = "Pods-NostelgiAlbum-NostelgiAlbumUITests.debug.xcconfig"; path = "Target Support Files/Pods-NostelgiAlbum-NostelgiAlbumUITests/Pods-NostelgiAlbum-NostelgiAlbumUITests.debug.xcconfig"; sourceTree = "<group>"; };
		8FFC13E4AFBFFF078784A65D /* Pods-NostelgiAlbum.release.xcconfig */ = {isa = PBXFileReference; includeInIndex = 1; lastKnownFileType = text.xcconfig; name = "Pods-NostelgiAlbum.release.xcconfig"; path = "Target Support Files/Pods-NostelgiAlbum/Pods-NostelgiAlbum.release.xcconfig"; sourceTree = "<group>"; };
		A37BCC6121739C6133FF1DE6 /* Pods_NostelgiAlbum_NostelgiAlbumUITests.framework */ = {isa = PBXFileReference; explicitFileType = wrapper.framework; includeInIndex = 0; path = Pods_NostelgiAlbum_NostelgiAlbumUITests.framework; sourceTree = BUILT_PRODUCTS_DIR; };
		C3EC5C868D5280CF9D73AB4D /* Pods-NostelgiAlbumTests.release.xcconfig */ = {isa = PBXFileReference; includeInIndex = 1; lastKnownFileType = text.xcconfig; name = "Pods-NostelgiAlbumTests.release.xcconfig"; path = "Target Support Files/Pods-NostelgiAlbumTests/Pods-NostelgiAlbumTests.release.xcconfig"; sourceTree = "<group>"; };
		F00B25CE38D4EB515594CCC9 /* Pods-NostelgiAlbumTests.debug.xcconfig */ = {isa = PBXFileReference; includeInIndex = 1; lastKnownFileType = text.xcconfig; name = "Pods-NostelgiAlbumTests.debug.xcconfig"; path = "Target Support Files/Pods-NostelgiAlbumTests/Pods-NostelgiAlbumTests.debug.xcconfig"; sourceTree = "<group>"; };
/* End PBXFileReference section */

/* Begin PBXFrameworksBuildPhase section */
		8094CA1D28EDC65500E70F76 /* Frameworks */ = {
			isa = PBXFrameworksBuildPhase;
			buildActionMask = 2147483647;
			files = (
				9637805CE99D7E121BEE0717 /* Pods_NostelgiAlbum.framework in Frameworks */,
			);
			runOnlyForDeploymentPostprocessing = 0;
		};
		8094CA3328EDC65900E70F76 /* Frameworks */ = {
			isa = PBXFrameworksBuildPhase;
			buildActionMask = 2147483647;
			files = (
				44989FA2FA524E8EEEBA60C5 /* Pods_NostelgiAlbumTests.framework in Frameworks */,
			);
			runOnlyForDeploymentPostprocessing = 0;
		};
		8094CA3D28EDC65900E70F76 /* Frameworks */ = {
			isa = PBXFrameworksBuildPhase;
			buildActionMask = 2147483647;
			files = (
				542A5706277B9EFA322C469D /* Pods_NostelgiAlbum_NostelgiAlbumUITests.framework in Frameworks */,
			);
			runOnlyForDeploymentPostprocessing = 0;
		};
/* End PBXFrameworksBuildPhase section */

/* Begin PBXGroup section */
		6C221F8D594D7C5B1A9DAF84 /* Pods */ = {
			isa = PBXGroup;
			children = (
				66A42BFB3D9C5A9D8D866E41 /* Pods-NostelgiAlbum.debug.xcconfig */,
				8FFC13E4AFBFFF078784A65D /* Pods-NostelgiAlbum.release.xcconfig */,
				884CF07808E0B766753C3292 /* Pods-NostelgiAlbum-NostelgiAlbumUITests.debug.xcconfig */,
				3799B6D3405FAB35D79C7103 /* Pods-NostelgiAlbum-NostelgiAlbumUITests.release.xcconfig */,
				F00B25CE38D4EB515594CCC9 /* Pods-NostelgiAlbumTests.debug.xcconfig */,
				C3EC5C868D5280CF9D73AB4D /* Pods-NostelgiAlbumTests.release.xcconfig */,
			);
			path = Pods;
			sourceTree = "<group>";
		};
		8094CA1728EDC65500E70F76 = {
			isa = PBXGroup;
			children = (
				8094CA2228EDC65500E70F76 /* NostelgiAlbum */,
				8094CA3928EDC65900E70F76 /* NostelgiAlbumTests */,
				8094CA4328EDC65900E70F76 /* NostelgiAlbumUITests */,
				8094CA2128EDC65500E70F76 /* Products */,
				6C221F8D594D7C5B1A9DAF84 /* Pods */,
				BC1760A270AA912477243107 /* Frameworks */,
			);
			sourceTree = "<group>";
		};
		8094CA2128EDC65500E70F76 /* Products */ = {
			isa = PBXGroup;
			children = (
				8094CA2028EDC65500E70F76 /* NostelgiAlbum.app */,
				8094CA3628EDC65900E70F76 /* NostelgiAlbumTests.xctest */,
				8094CA4028EDC65900E70F76 /* NostelgiAlbumUITests.xctest */,
			);
			name = Products;
			sourceTree = "<group>";
		};
		8094CA2228EDC65500E70F76 /* NostelgiAlbum */ = {
			isa = PBXGroup;
			children = (
				83C615C7298B978D0018BBAF /* ShareViewController.swift */,
				831A051F297A9B6E009D26A0 /* Model */,
				8094CA2928EDC65500E70F76 /* Main.storyboard */,
				8094CA2E28EDC65900E70F76 /* LaunchScreen.storyboard */,
				8094CA2328EDC65500E70F76 /* AppDelegate.swift */,
				8094CA2528EDC65500E70F76 /* SceneDelegate.swift */,
				831A0520297A9B7A009D26A0 /* HomeScreenViewController */,
				831A0522297A9BD7009D26A0 /* AlbumScreenViewController */,
				831A0524297A9BF3009D26A0 /* ToolBarController */,
				831A0525297A9BFE009D26A0 /* ImageFunc */,
				8094CA2C28EDC65900E70F76 /* Assets.xcassets */,
				8094CA3128EDC65900E70F76 /* Info.plist */,
				83C615C9298BA3C90018BBAF /* UTI.swift */,
			);
			path = NostelgiAlbum;
			sourceTree = "<group>";
		};
		8094CA3928EDC65900E70F76 /* NostelgiAlbumTests */ = {
			isa = PBXGroup;
			children = (
				8094CA3A28EDC65900E70F76 /* NostelgiAlbumTests.swift */,
			);
			path = NostelgiAlbumTests;
			sourceTree = "<group>";
		};
		8094CA4328EDC65900E70F76 /* NostelgiAlbumUITests */ = {
			isa = PBXGroup;
			children = (
				8094CA4428EDC65900E70F76 /* NostelgiAlbumUITests.swift */,
				8094CA4628EDC65900E70F76 /* NostelgiAlbumUITestsLaunchTests.swift */,
			);
			path = NostelgiAlbumUITests;
			sourceTree = "<group>";
		};
		831A051F297A9B6E009D26A0 /* Model */ = {
			isa = PBXGroup;
			children = (
				807A193B29312CEE00BC434B /* RealmClassFunc.swift */,
			);
			path = Model;
			sourceTree = "<group>";
		};
		831A0520297A9B7A009D26A0 /* HomeScreenViewController */ = {
			isa = PBXGroup;
			children = (
				8002F65228EE905B00E9913D /* HomeScreenViewController.swift */,
				80C56D17298CE5360063688F /* HomeScreenViewController+CollectionView.swift */,
				8092C3A4298CF1AA007FFEF3 /* CollectionView+ButtonAction.swift */,
				8002F65428EE9D1800E9913D /* HomeScreenCollectionViewCell.swift */,
				831A0521297A9BCA009D26A0 /* HomeDetailController */,
			);
			path = HomeScreenViewController;
			sourceTree = "<group>";
		};
		831A0521297A9BCA009D26A0 /* HomeDetailController */ = {
			isa = PBXGroup;
			children = (
				806A653D293873C80054FAEF /* HomeEditViewController.swift */,
				8092C3A2298CE6F0007FFEF3 /* HomeEditViewController+ButtonAction.swift */,
			);
			path = HomeDetailController;
			sourceTree = "<group>";
		};
		831A0522297A9BD7009D26A0 /* AlbumScreenViewController */ = {
			isa = PBXGroup;
			children = (
				8020034A290FBB9200FCD54F /* AlbumScreenViewController.swift */,
				80DF50AD290FBF80009EE336 /* AlbumScreenCollectionViewCell.swift */,
				831A0523297A9BE7009D26A0 /* AlbumDetailController */,
			);
			path = AlbumScreenViewController;
			sourceTree = "<group>";
		};
		831A0523297A9BE7009D26A0 /* AlbumDetailController */ = {
			isa = PBXGroup;
			children = (
				8320291E295EA8E2001709E9 /* AlbumEditViewController.swift */,
				831A04D7295EBDCA009D26A0 /* AlbumPicViewController.swift */,
				831A04D9295EC04C009D26A0 /* ImageViewController.swift */,
			);
			path = AlbumDetailController;
			sourceTree = "<group>";
		};
		831A0524297A9BF3009D26A0 /* ToolBarController */ = {
			isa = PBXGroup;
			children = (
				8312C9D42921482A00556BAE /* SearchToolViewController.swift */,
				8312C9D22921465600556BAE /* InfoToolViewController.swift */,
				807FF50029260656005D9884 /* InfoToolTableViewCell.swift */,
			);
			path = ToolBarController;
			sourceTree = "<group>";
		};
		831A0525297A9BFE009D26A0 /* ImageFunc */ = {
			isa = PBXGroup;
			children = (
				804C7E8D295835D200C63880 /* ImageFunc.swift */,
			);
			path = ImageFunc;
			sourceTree = "<group>";
		};
		BC1760A270AA912477243107 /* Frameworks */ = {
			isa = PBXGroup;
			children = (
				3A0A83F13AEEA742D0FD55A4 /* Pods_NostelgiAlbum.framework */,
				A37BCC6121739C6133FF1DE6 /* Pods_NostelgiAlbum_NostelgiAlbumUITests.framework */,
				401EAAE9DE0F626378A73BD5 /* Pods_NostelgiAlbumTests.framework */,
			);
			name = Frameworks;
			sourceTree = "<group>";
		};
/* End PBXGroup section */

/* Begin PBXNativeTarget section */
		8094CA1F28EDC65500E70F76 /* NostelgiAlbum */ = {
			isa = PBXNativeTarget;
			buildConfigurationList = 8094CA4A28EDC65900E70F76 /* Build configuration list for PBXNativeTarget "NostelgiAlbum" */;
			buildPhases = (
				0C1D3E204F137C9DAD707FC0 /* [CP] Check Pods Manifest.lock */,
				8094CA1C28EDC65500E70F76 /* Sources */,
				8094CA1D28EDC65500E70F76 /* Frameworks */,
				8094CA1E28EDC65500E70F76 /* Resources */,
				AF0FC730FDFF0EA6954C6804 /* [CP] Embed Pods Frameworks */,
			);
			buildRules = (
			);
			dependencies = (
			);
			name = NostelgiAlbum;
			productName = NostelgiAlbum;
			productReference = 8094CA2028EDC65500E70F76 /* NostelgiAlbum.app */;
			productType = "com.apple.product-type.application";
		};
		8094CA3528EDC65900E70F76 /* NostelgiAlbumTests */ = {
			isa = PBXNativeTarget;
			buildConfigurationList = 8094CA4D28EDC65900E70F76 /* Build configuration list for PBXNativeTarget "NostelgiAlbumTests" */;
			buildPhases = (
				1A2695FEED75E88CF2021763 /* [CP] Check Pods Manifest.lock */,
				8094CA3228EDC65900E70F76 /* Sources */,
				8094CA3328EDC65900E70F76 /* Frameworks */,
				8094CA3428EDC65900E70F76 /* Resources */,
			);
			buildRules = (
			);
			dependencies = (
				8094CA3828EDC65900E70F76 /* PBXTargetDependency */,
			);
			name = NostelgiAlbumTests;
			productName = NostelgiAlbumTests;
			productReference = 8094CA3628EDC65900E70F76 /* NostelgiAlbumTests.xctest */;
			productType = "com.apple.product-type.bundle.unit-test";
		};
		8094CA3F28EDC65900E70F76 /* NostelgiAlbumUITests */ = {
			isa = PBXNativeTarget;
			buildConfigurationList = 8094CA5028EDC65900E70F76 /* Build configuration list for PBXNativeTarget "NostelgiAlbumUITests" */;
			buildPhases = (
				20250F3BB5A97ABDA4FF558A /* [CP] Check Pods Manifest.lock */,
				8094CA3C28EDC65900E70F76 /* Sources */,
				8094CA3D28EDC65900E70F76 /* Frameworks */,
				8094CA3E28EDC65900E70F76 /* Resources */,
				5111E9E2C4073E03F647D7EC /* [CP] Embed Pods Frameworks */,
			);
			buildRules = (
			);
			dependencies = (
				8094CA4228EDC65900E70F76 /* PBXTargetDependency */,
			);
			name = NostelgiAlbumUITests;
			productName = NostelgiAlbumUITests;
			productReference = 8094CA4028EDC65900E70F76 /* NostelgiAlbumUITests.xctest */;
			productType = "com.apple.product-type.bundle.ui-testing";
		};
/* End PBXNativeTarget section */

/* Begin PBXProject section */
		8094CA1828EDC65500E70F76 /* Project object */ = {
			isa = PBXProject;
			attributes = {
				BuildIndependentTargetsInParallel = 1;
				LastSwiftUpdateCheck = 1340;
				LastUpgradeCheck = 1340;
				TargetAttributes = {
					8094CA1F28EDC65500E70F76 = {
						CreatedOnToolsVersion = 13.4.1;
					};
					8094CA3528EDC65900E70F76 = {
						CreatedOnToolsVersion = 13.4.1;
						TestTargetID = 8094CA1F28EDC65500E70F76;
					};
					8094CA3F28EDC65900E70F76 = {
						CreatedOnToolsVersion = 13.4.1;
						TestTargetID = 8094CA1F28EDC65500E70F76;
					};
				};
			};
			buildConfigurationList = 8094CA1B28EDC65500E70F76 /* Build configuration list for PBXProject "NostelgiAlbum" */;
			compatibilityVersion = "Xcode 13.0";
			developmentRegion = en;
			hasScannedForEncodings = 0;
			knownRegions = (
				en,
				Base,
			);
			mainGroup = 8094CA1728EDC65500E70F76;
			productRefGroup = 8094CA2128EDC65500E70F76 /* Products */;
			projectDirPath = "";
			projectRoot = "";
			targets = (
				8094CA1F28EDC65500E70F76 /* NostelgiAlbum */,
				8094CA3528EDC65900E70F76 /* NostelgiAlbumTests */,
				8094CA3F28EDC65900E70F76 /* NostelgiAlbumUITests */,
			);
		};
/* End PBXProject section */

/* Begin PBXResourcesBuildPhase section */
		8094CA1E28EDC65500E70F76 /* Resources */ = {
			isa = PBXResourcesBuildPhase;
			buildActionMask = 2147483647;
			files = (
				8094CA3028EDC65900E70F76 /* LaunchScreen.storyboard in Resources */,
				8094CA2D28EDC65900E70F76 /* Assets.xcassets in Resources */,
				8094CA2B28EDC65500E70F76 /* Main.storyboard in Resources */,
			);
			runOnlyForDeploymentPostprocessing = 0;
		};
		8094CA3428EDC65900E70F76 /* Resources */ = {
			isa = PBXResourcesBuildPhase;
			buildActionMask = 2147483647;
			files = (
			);
			runOnlyForDeploymentPostprocessing = 0;
		};
		8094CA3E28EDC65900E70F76 /* Resources */ = {
			isa = PBXResourcesBuildPhase;
			buildActionMask = 2147483647;
			files = (
			);
			runOnlyForDeploymentPostprocessing = 0;
		};
/* End PBXResourcesBuildPhase section */

/* Begin PBXShellScriptBuildPhase section */
		0C1D3E204F137C9DAD707FC0 /* [CP] Check Pods Manifest.lock */ = {
			isa = PBXShellScriptBuildPhase;
			buildActionMask = 2147483647;
			files = (
			);
			inputFileListPaths = (
			);
			inputPaths = (
				"${PODS_PODFILE_DIR_PATH}/Podfile.lock",
				"${PODS_ROOT}/Manifest.lock",
			);
			name = "[CP] Check Pods Manifest.lock";
			outputFileListPaths = (
			);
			outputPaths = (
				"$(DERIVED_FILE_DIR)/Pods-NostelgiAlbum-checkManifestLockResult.txt",
			);
			runOnlyForDeploymentPostprocessing = 0;
			shellPath = /bin/sh;
			shellScript = "diff \"${PODS_PODFILE_DIR_PATH}/Podfile.lock\" \"${PODS_ROOT}/Manifest.lock\" > /dev/null\nif [ $? != 0 ] ; then\n    # print error to STDERR\n    echo \"error: The sandbox is not in sync with the Podfile.lock. Run 'pod install' or update your CocoaPods installation.\" >&2\n    exit 1\nfi\n# This output is used by Xcode 'outputs' to avoid re-running this script phase.\necho \"SUCCESS\" > \"${SCRIPT_OUTPUT_FILE_0}\"\n";
			showEnvVarsInLog = 0;
		};
		1A2695FEED75E88CF2021763 /* [CP] Check Pods Manifest.lock */ = {
			isa = PBXShellScriptBuildPhase;
			buildActionMask = 2147483647;
			files = (
			);
			inputFileListPaths = (
			);
			inputPaths = (
				"${PODS_PODFILE_DIR_PATH}/Podfile.lock",
				"${PODS_ROOT}/Manifest.lock",
			);
			name = "[CP] Check Pods Manifest.lock";
			outputFileListPaths = (
			);
			outputPaths = (
				"$(DERIVED_FILE_DIR)/Pods-NostelgiAlbumTests-checkManifestLockResult.txt",
			);
			runOnlyForDeploymentPostprocessing = 0;
			shellPath = /bin/sh;
			shellScript = "diff \"${PODS_PODFILE_DIR_PATH}/Podfile.lock\" \"${PODS_ROOT}/Manifest.lock\" > /dev/null\nif [ $? != 0 ] ; then\n    # print error to STDERR\n    echo \"error: The sandbox is not in sync with the Podfile.lock. Run 'pod install' or update your CocoaPods installation.\" >&2\n    exit 1\nfi\n# This output is used by Xcode 'outputs' to avoid re-running this script phase.\necho \"SUCCESS\" > \"${SCRIPT_OUTPUT_FILE_0}\"\n";
			showEnvVarsInLog = 0;
		};
		20250F3BB5A97ABDA4FF558A /* [CP] Check Pods Manifest.lock */ = {
			isa = PBXShellScriptBuildPhase;
			buildActionMask = 2147483647;
			files = (
			);
			inputFileListPaths = (
			);
			inputPaths = (
				"${PODS_PODFILE_DIR_PATH}/Podfile.lock",
				"${PODS_ROOT}/Manifest.lock",
			);
			name = "[CP] Check Pods Manifest.lock";
			outputFileListPaths = (
			);
			outputPaths = (
				"$(DERIVED_FILE_DIR)/Pods-NostelgiAlbum-NostelgiAlbumUITests-checkManifestLockResult.txt",
			);
			runOnlyForDeploymentPostprocessing = 0;
			shellPath = /bin/sh;
			shellScript = "diff \"${PODS_PODFILE_DIR_PATH}/Podfile.lock\" \"${PODS_ROOT}/Manifest.lock\" > /dev/null\nif [ $? != 0 ] ; then\n    # print error to STDERR\n    echo \"error: The sandbox is not in sync with the Podfile.lock. Run 'pod install' or update your CocoaPods installation.\" >&2\n    exit 1\nfi\n# This output is used by Xcode 'outputs' to avoid re-running this script phase.\necho \"SUCCESS\" > \"${SCRIPT_OUTPUT_FILE_0}\"\n";
			showEnvVarsInLog = 0;
		};
		5111E9E2C4073E03F647D7EC /* [CP] Embed Pods Frameworks */ = {
			isa = PBXShellScriptBuildPhase;
			buildActionMask = 2147483647;
			files = (
			);
			inputFileListPaths = (
				"${PODS_ROOT}/Target Support Files/Pods-NostelgiAlbum-NostelgiAlbumUITests/Pods-NostelgiAlbum-NostelgiAlbumUITests-frameworks-${CONFIGURATION}-input-files.xcfilelist",
			);
			name = "[CP] Embed Pods Frameworks";
			outputFileListPaths = (
				"${PODS_ROOT}/Target Support Files/Pods-NostelgiAlbum-NostelgiAlbumUITests/Pods-NostelgiAlbum-NostelgiAlbumUITests-frameworks-${CONFIGURATION}-output-files.xcfilelist",
			);
			runOnlyForDeploymentPostprocessing = 0;
			shellPath = /bin/sh;
			shellScript = "\"${PODS_ROOT}/Target Support Files/Pods-NostelgiAlbum-NostelgiAlbumUITests/Pods-NostelgiAlbum-NostelgiAlbumUITests-frameworks.sh\"\n";
			showEnvVarsInLog = 0;
		};
		AF0FC730FDFF0EA6954C6804 /* [CP] Embed Pods Frameworks */ = {
			isa = PBXShellScriptBuildPhase;
			buildActionMask = 2147483647;
			files = (
			);
			inputFileListPaths = (
				"${PODS_ROOT}/Target Support Files/Pods-NostelgiAlbum/Pods-NostelgiAlbum-frameworks-${CONFIGURATION}-input-files.xcfilelist",
			);
			name = "[CP] Embed Pods Frameworks";
			outputFileListPaths = (
				"${PODS_ROOT}/Target Support Files/Pods-NostelgiAlbum/Pods-NostelgiAlbum-frameworks-${CONFIGURATION}-output-files.xcfilelist",
			);
			runOnlyForDeploymentPostprocessing = 0;
			shellPath = /bin/sh;
			shellScript = "\"${PODS_ROOT}/Target Support Files/Pods-NostelgiAlbum/Pods-NostelgiAlbum-frameworks.sh\"\n";
			showEnvVarsInLog = 0;
		};
/* End PBXShellScriptBuildPhase section */

/* Begin PBXSourcesBuildPhase section */
		8094CA1C28EDC65500E70F76 /* Sources */ = {
			isa = PBXSourcesBuildPhase;
			buildActionMask = 2147483647;
			files = (
				83C615CA298BA3C90018BBAF /* UTI.swift in Sources */,
				8020034B290FBB9200FCD54F /* AlbumScreenViewController.swift in Sources */,
				831A04D8295EBDCA009D26A0 /* AlbumPicViewController.swift in Sources */,
				80C56D18298CE5360063688F /* HomeScreenViewController+CollectionView.swift in Sources */,
				804C7E8E295835D200C63880 /* ImageFunc.swift in Sources */,
				807FF50129260656005D9884 /* InfoToolTableViewCell.swift in Sources */,
				8002F65328EE905B00E9913D /* HomeScreenViewController.swift in Sources */,
				8002F65528EE9D1800E9913D /* HomeScreenCollectionViewCell.swift in Sources */,
				83C615C8298B978D0018BBAF /* ShareViewController.swift in Sources */,
				8094CA2428EDC65500E70F76 /* AppDelegate.swift in Sources */,
				8092C3A5298CF1AA007FFEF3 /* CollectionView+ButtonAction.swift in Sources */,
				831A04DA295EC04C009D26A0 /* ImageViewController.swift in Sources */,
				80DF50AE290FBF80009EE336 /* AlbumScreenCollectionViewCell.swift in Sources */,
				8312C9D32921465600556BAE /* InfoToolViewController.swift in Sources */,
				806A653E293873C80054FAEF /* HomeEditViewController.swift in Sources */,
				8320291F295EA8E2001709E9 /* AlbumEditViewController.swift in Sources */,
				8092C3A3298CE6F0007FFEF3 /* HomeEditViewController+ButtonAction.swift in Sources */,
				8094CA2628EDC65500E70F76 /* SceneDelegate.swift in Sources */,
				807A193C29312CEF00BC434B /* RealmClassFunc.swift in Sources */,
				8312C9D52921482A00556BAE /* SearchToolViewController.swift in Sources */,
			);
			runOnlyForDeploymentPostprocessing = 0;
		};
		8094CA3228EDC65900E70F76 /* Sources */ = {
			isa = PBXSourcesBuildPhase;
			buildActionMask = 2147483647;
			files = (
				8094CA3B28EDC65900E70F76 /* NostelgiAlbumTests.swift in Sources */,
			);
			runOnlyForDeploymentPostprocessing = 0;
		};
		8094CA3C28EDC65900E70F76 /* Sources */ = {
			isa = PBXSourcesBuildPhase;
			buildActionMask = 2147483647;
			files = (
				8094CA4528EDC65900E70F76 /* NostelgiAlbumUITests.swift in Sources */,
				8094CA4728EDC65900E70F76 /* NostelgiAlbumUITestsLaunchTests.swift in Sources */,
			);
			runOnlyForDeploymentPostprocessing = 0;
		};
/* End PBXSourcesBuildPhase section */

/* Begin PBXTargetDependency section */
		8094CA3828EDC65900E70F76 /* PBXTargetDependency */ = {
			isa = PBXTargetDependency;
			target = 8094CA1F28EDC65500E70F76 /* NostelgiAlbum */;
			targetProxy = 8094CA3728EDC65900E70F76 /* PBXContainerItemProxy */;
		};
		8094CA4228EDC65900E70F76 /* PBXTargetDependency */ = {
			isa = PBXTargetDependency;
			target = 8094CA1F28EDC65500E70F76 /* NostelgiAlbum */;
			targetProxy = 8094CA4128EDC65900E70F76 /* PBXContainerItemProxy */;
		};
/* End PBXTargetDependency section */

/* Begin PBXVariantGroup section */
		8094CA2928EDC65500E70F76 /* Main.storyboard */ = {
			isa = PBXVariantGroup;
			children = (
				8094CA2A28EDC65500E70F76 /* Base */,
			);
			name = Main.storyboard;
			sourceTree = "<group>";
		};
		8094CA2E28EDC65900E70F76 /* LaunchScreen.storyboard */ = {
			isa = PBXVariantGroup;
			children = (
				8094CA2F28EDC65900E70F76 /* Base */,
			);
			name = LaunchScreen.storyboard;
			sourceTree = "<group>";
		};
/* End PBXVariantGroup section */

/* Begin XCBuildConfiguration section */
		8094CA4828EDC65900E70F76 /* Debug */ = {
			isa = XCBuildConfiguration;
			buildSettings = {
				ALWAYS_SEARCH_USER_PATHS = NO;
				CLANG_ANALYZER_NONNULL = YES;
				CLANG_ANALYZER_NUMBER_OBJECT_CONVERSION = YES_AGGRESSIVE;
				CLANG_CXX_LANGUAGE_STANDARD = "gnu++17";
				CLANG_ENABLE_MODULES = YES;
				CLANG_ENABLE_OBJC_ARC = YES;
				CLANG_ENABLE_OBJC_WEAK = YES;
				CLANG_WARN_BLOCK_CAPTURE_AUTORELEASING = YES;
				CLANG_WARN_BOOL_CONVERSION = YES;
				CLANG_WARN_COMMA = YES;
				CLANG_WARN_CONSTANT_CONVERSION = YES;
				CLANG_WARN_DEPRECATED_OBJC_IMPLEMENTATIONS = YES;
				CLANG_WARN_DIRECT_OBJC_ISA_USAGE = YES_ERROR;
				CLANG_WARN_DOCUMENTATION_COMMENTS = YES;
				CLANG_WARN_EMPTY_BODY = YES;
				CLANG_WARN_ENUM_CONVERSION = YES;
				CLANG_WARN_INFINITE_RECURSION = YES;
				CLANG_WARN_INT_CONVERSION = YES;
				CLANG_WARN_NON_LITERAL_NULL_CONVERSION = YES;
				CLANG_WARN_OBJC_IMPLICIT_RETAIN_SELF = YES;
				CLANG_WARN_OBJC_LITERAL_CONVERSION = YES;
				CLANG_WARN_OBJC_ROOT_CLASS = YES_ERROR;
				CLANG_WARN_QUOTED_INCLUDE_IN_FRAMEWORK_HEADER = YES;
				CLANG_WARN_RANGE_LOOP_ANALYSIS = YES;
				CLANG_WARN_STRICT_PROTOTYPES = YES;
				CLANG_WARN_SUSPICIOUS_MOVE = YES;
				CLANG_WARN_UNGUARDED_AVAILABILITY = YES_AGGRESSIVE;
				CLANG_WARN_UNREACHABLE_CODE = YES;
				CLANG_WARN__DUPLICATE_METHOD_MATCH = YES;
				COPY_PHASE_STRIP = NO;
				DEBUG_INFORMATION_FORMAT = dwarf;
				ENABLE_STRICT_OBJC_MSGSEND = YES;
				ENABLE_TESTABILITY = YES;
				GCC_C_LANGUAGE_STANDARD = gnu11;
				GCC_DYNAMIC_NO_PIC = NO;
				GCC_NO_COMMON_BLOCKS = YES;
				GCC_OPTIMIZATION_LEVEL = 0;
				GCC_PREPROCESSOR_DEFINITIONS = (
					"DEBUG=1",
					"$(inherited)",
				);
				GCC_WARN_64_TO_32_BIT_CONVERSION = YES;
				GCC_WARN_ABOUT_RETURN_TYPE = YES_ERROR;
				GCC_WARN_UNDECLARED_SELECTOR = YES;
				GCC_WARN_UNINITIALIZED_AUTOS = YES_AGGRESSIVE;
				GCC_WARN_UNUSED_FUNCTION = YES;
				GCC_WARN_UNUSED_VARIABLE = YES;
				IPHONEOS_DEPLOYMENT_TARGET = 16.1;
				MTL_ENABLE_DEBUG_INFO = INCLUDE_SOURCE;
				MTL_FAST_MATH = YES;
				ONLY_ACTIVE_ARCH = YES;
				SDKROOT = iphoneos;
				SWIFT_ACTIVE_COMPILATION_CONDITIONS = DEBUG;
				SWIFT_OPTIMIZATION_LEVEL = "-Onone";
			};
			name = Debug;
		};
		8094CA4928EDC65900E70F76 /* Release */ = {
			isa = XCBuildConfiguration;
			buildSettings = {
				ALWAYS_SEARCH_USER_PATHS = NO;
				CLANG_ANALYZER_NONNULL = YES;
				CLANG_ANALYZER_NUMBER_OBJECT_CONVERSION = YES_AGGRESSIVE;
				CLANG_CXX_LANGUAGE_STANDARD = "gnu++17";
				CLANG_ENABLE_MODULES = YES;
				CLANG_ENABLE_OBJC_ARC = YES;
				CLANG_ENABLE_OBJC_WEAK = YES;
				CLANG_WARN_BLOCK_CAPTURE_AUTORELEASING = YES;
				CLANG_WARN_BOOL_CONVERSION = YES;
				CLANG_WARN_COMMA = YES;
				CLANG_WARN_CONSTANT_CONVERSION = YES;
				CLANG_WARN_DEPRECATED_OBJC_IMPLEMENTATIONS = YES;
				CLANG_WARN_DIRECT_OBJC_ISA_USAGE = YES_ERROR;
				CLANG_WARN_DOCUMENTATION_COMMENTS = YES;
				CLANG_WARN_EMPTY_BODY = YES;
				CLANG_WARN_ENUM_CONVERSION = YES;
				CLANG_WARN_INFINITE_RECURSION = YES;
				CLANG_WARN_INT_CONVERSION = YES;
				CLANG_WARN_NON_LITERAL_NULL_CONVERSION = YES;
				CLANG_WARN_OBJC_IMPLICIT_RETAIN_SELF = YES;
				CLANG_WARN_OBJC_LITERAL_CONVERSION = YES;
				CLANG_WARN_OBJC_ROOT_CLASS = YES_ERROR;
				CLANG_WARN_QUOTED_INCLUDE_IN_FRAMEWORK_HEADER = YES;
				CLANG_WARN_RANGE_LOOP_ANALYSIS = YES;
				CLANG_WARN_STRICT_PROTOTYPES = YES;
				CLANG_WARN_SUSPICIOUS_MOVE = YES;
				CLANG_WARN_UNGUARDED_AVAILABILITY = YES_AGGRESSIVE;
				CLANG_WARN_UNREACHABLE_CODE = YES;
				CLANG_WARN__DUPLICATE_METHOD_MATCH = YES;
				COPY_PHASE_STRIP = NO;
				DEBUG_INFORMATION_FORMAT = "dwarf-with-dsym";
				ENABLE_NS_ASSERTIONS = NO;
				ENABLE_STRICT_OBJC_MSGSEND = YES;
				GCC_C_LANGUAGE_STANDARD = gnu11;
				GCC_NO_COMMON_BLOCKS = YES;
				GCC_WARN_64_TO_32_BIT_CONVERSION = YES;
				GCC_WARN_ABOUT_RETURN_TYPE = YES_ERROR;
				GCC_WARN_UNDECLARED_SELECTOR = YES;
				GCC_WARN_UNINITIALIZED_AUTOS = YES_AGGRESSIVE;
				GCC_WARN_UNUSED_FUNCTION = YES;
				GCC_WARN_UNUSED_VARIABLE = YES;
				IPHONEOS_DEPLOYMENT_TARGET = 16.1;
				MTL_ENABLE_DEBUG_INFO = NO;
				MTL_FAST_MATH = YES;
				SDKROOT = iphoneos;
				SWIFT_COMPILATION_MODE = wholemodule;
				SWIFT_OPTIMIZATION_LEVEL = "-O";
				VALIDATE_PRODUCT = YES;
			};
			name = Release;
		};
		8094CA4B28EDC65900E70F76 /* Debug */ = {
			isa = XCBuildConfiguration;
			baseConfigurationReference = 66A42BFB3D9C5A9D8D866E41 /* Pods-NostelgiAlbum.debug.xcconfig */;
			buildSettings = {
				ASSETCATALOG_COMPILER_APPICON_NAME = AppIcon;
				ASSETCATALOG_COMPILER_GLOBAL_ACCENT_COLOR_NAME = AccentColor;
				CODE_SIGN_STYLE = Automatic;
				CURRENT_PROJECT_VERSION = 1;
				DEVELOPMENT_TEAM = N7AA7Y5KM6;
				GENERATE_INFOPLIST_FILE = YES;
				INFOPLIST_FILE = NostelgiAlbum/Info.plist;
				INFOPLIST_KEY_NSCameraUsageDescription = test;
				INFOPLIST_KEY_NSPhotoLibraryUsageDescription = test;
				INFOPLIST_KEY_UIApplicationSupportsIndirectInputEvents = YES;
				INFOPLIST_KEY_UILaunchStoryboardName = LaunchScreen;
				INFOPLIST_KEY_UIMainStoryboardFile = Main;
				INFOPLIST_KEY_UISupportedInterfaceOrientations_iPad = "UIInterfaceOrientationPortrait UIInterfaceOrientationPortraitUpsideDown UIInterfaceOrientationLandscapeLeft UIInterfaceOrientationLandscapeRight";
				INFOPLIST_KEY_UISupportedInterfaceOrientations_iPhone = "UIInterfaceOrientationPortrait UIInterfaceOrientationLandscapeLeft UIInterfaceOrientationLandscapeRight";
				LD_RUNPATH_SEARCH_PATHS = (
					"$(inherited)",
					"@executable_path/Frameworks",
				);
				MARKETING_VERSION = 1.0;
				PRODUCT_BUNDLE_IDENTIFIER = com.chopmozzi.NostelgiAlbum;
				PRODUCT_NAME = "$(TARGET_NAME)";
				SWIFT_EMIT_LOC_STRINGS = YES;
				SWIFT_VERSION = 5.0;
				TARGETED_DEVICE_FAMILY = "1,2";
			};
			name = Debug;
		};
		8094CA4C28EDC65900E70F76 /* Release */ = {
			isa = XCBuildConfiguration;
			baseConfigurationReference = 8FFC13E4AFBFFF078784A65D /* Pods-NostelgiAlbum.release.xcconfig */;
			buildSettings = {
				ASSETCATALOG_COMPILER_APPICON_NAME = AppIcon;
				ASSETCATALOG_COMPILER_GLOBAL_ACCENT_COLOR_NAME = AccentColor;
				CODE_SIGN_STYLE = Automatic;
				CURRENT_PROJECT_VERSION = 1;
				DEVELOPMENT_TEAM = N7AA7Y5KM6;
				GENERATE_INFOPLIST_FILE = YES;
				INFOPLIST_FILE = NostelgiAlbum/Info.plist;
				INFOPLIST_KEY_NSCameraUsageDescription = test;
				INFOPLIST_KEY_NSPhotoLibraryUsageDescription = test;
				INFOPLIST_KEY_UIApplicationSupportsIndirectInputEvents = YES;
				INFOPLIST_KEY_UILaunchStoryboardName = LaunchScreen;
				INFOPLIST_KEY_UIMainStoryboardFile = Main;
				INFOPLIST_KEY_UISupportedInterfaceOrientations_iPad = "UIInterfaceOrientationPortrait UIInterfaceOrientationPortraitUpsideDown UIInterfaceOrientationLandscapeLeft UIInterfaceOrientationLandscapeRight";
				INFOPLIST_KEY_UISupportedInterfaceOrientations_iPhone = "UIInterfaceOrientationPortrait UIInterfaceOrientationLandscapeLeft UIInterfaceOrientationLandscapeRight";
				LD_RUNPATH_SEARCH_PATHS = (
					"$(inherited)",
					"@executable_path/Frameworks",
				);
				MARKETING_VERSION = 1.0;
				PRODUCT_BUNDLE_IDENTIFIER = com.chopmozzi.NostelgiAlbum;
				PRODUCT_NAME = "$(TARGET_NAME)";
				SWIFT_EMIT_LOC_STRINGS = YES;
				SWIFT_VERSION = 5.0;
				TARGETED_DEVICE_FAMILY = "1,2";
			};
			name = Release;
		};
		8094CA4E28EDC65900E70F76 /* Debug */ = {
			isa = XCBuildConfiguration;
			baseConfigurationReference = F00B25CE38D4EB515594CCC9 /* Pods-NostelgiAlbumTests.debug.xcconfig */;
			buildSettings = {
				ALWAYS_EMBED_SWIFT_STANDARD_LIBRARIES = YES;
				BUNDLE_LOADER = "$(TEST_HOST)";
				CODE_SIGN_STYLE = Automatic;
				CURRENT_PROJECT_VERSION = 1;
				DEVELOPMENT_TEAM = 8A6XY8WY2J;
				GENERATE_INFOPLIST_FILE = YES;
				IPHONEOS_DEPLOYMENT_TARGET = 15.5;
				MARKETING_VERSION = 1.0;
				PRODUCT_BUNDLE_IDENTIFIER = com.mingu.NostelgiAlbumTests;
				PRODUCT_NAME = "$(TARGET_NAME)";
				SWIFT_EMIT_LOC_STRINGS = NO;
				SWIFT_VERSION = 5.0;
				TARGETED_DEVICE_FAMILY = "1,2";
				TEST_HOST = "$(BUILT_PRODUCTS_DIR)/NostelgiAlbum.app/NostelgiAlbum";
			};
			name = Debug;
		};
		8094CA4F28EDC65900E70F76 /* Release */ = {
			isa = XCBuildConfiguration;
			baseConfigurationReference = C3EC5C868D5280CF9D73AB4D /* Pods-NostelgiAlbumTests.release.xcconfig */;
			buildSettings = {
				ALWAYS_EMBED_SWIFT_STANDARD_LIBRARIES = YES;
				BUNDLE_LOADER = "$(TEST_HOST)";
				CODE_SIGN_STYLE = Automatic;
				CURRENT_PROJECT_VERSION = 1;
				DEVELOPMENT_TEAM = 8A6XY8WY2J;
				GENERATE_INFOPLIST_FILE = YES;
				IPHONEOS_DEPLOYMENT_TARGET = 15.5;
				MARKETING_VERSION = 1.0;
				PRODUCT_BUNDLE_IDENTIFIER = com.mingu.NostelgiAlbumTests;
				PRODUCT_NAME = "$(TARGET_NAME)";
				SWIFT_EMIT_LOC_STRINGS = NO;
				SWIFT_VERSION = 5.0;
				TARGETED_DEVICE_FAMILY = "1,2";
				TEST_HOST = "$(BUILT_PRODUCTS_DIR)/NostelgiAlbum.app/NostelgiAlbum";
			};
			name = Release;
		};
		8094CA5128EDC65900E70F76 /* Debug */ = {
			isa = XCBuildConfiguration;
			baseConfigurationReference = 884CF07808E0B766753C3292 /* Pods-NostelgiAlbum-NostelgiAlbumUITests.debug.xcconfig */;
			buildSettings = {
				ALWAYS_EMBED_SWIFT_STANDARD_LIBRARIES = YES;
				CODE_SIGN_STYLE = Automatic;
				CURRENT_PROJECT_VERSION = 1;
				DEVELOPMENT_TEAM = 8A6XY8WY2J;
				GENERATE_INFOPLIST_FILE = YES;
				MARKETING_VERSION = 1.0;
				PRODUCT_BUNDLE_IDENTIFIER = com.mingu.NostelgiAlbumUITests;
				PRODUCT_NAME = "$(TARGET_NAME)";
				SWIFT_EMIT_LOC_STRINGS = NO;
				SWIFT_VERSION = 5.0;
				TARGETED_DEVICE_FAMILY = "1,2";
				TEST_TARGET_NAME = NostelgiAlbum;
			};
			name = Debug;
		};
		8094CA5228EDC65900E70F76 /* Release */ = {
			isa = XCBuildConfiguration;
			baseConfigurationReference = 3799B6D3405FAB35D79C7103 /* Pods-NostelgiAlbum-NostelgiAlbumUITests.release.xcconfig */;
			buildSettings = {
				ALWAYS_EMBED_SWIFT_STANDARD_LIBRARIES = YES;
				CODE_SIGN_STYLE = Automatic;
				CURRENT_PROJECT_VERSION = 1;
				DEVELOPMENT_TEAM = 8A6XY8WY2J;
				GENERATE_INFOPLIST_FILE = YES;
				MARKETING_VERSION = 1.0;
				PRODUCT_BUNDLE_IDENTIFIER = com.mingu.NostelgiAlbumUITests;
				PRODUCT_NAME = "$(TARGET_NAME)";
				SWIFT_EMIT_LOC_STRINGS = NO;
				SWIFT_VERSION = 5.0;
				TARGETED_DEVICE_FAMILY = "1,2";
				TEST_TARGET_NAME = NostelgiAlbum;
			};
			name = Release;
		};
/* End XCBuildConfiguration section */

/* Begin XCConfigurationList section */
		8094CA1B28EDC65500E70F76 /* Build configuration list for PBXProject "NostelgiAlbum" */ = {
			isa = XCConfigurationList;
			buildConfigurations = (
				8094CA4828EDC65900E70F76 /* Debug */,
				8094CA4928EDC65900E70F76 /* Release */,
			);
			defaultConfigurationIsVisible = 0;
			defaultConfigurationName = Release;
		};
		8094CA4A28EDC65900E70F76 /* Build configuration list for PBXNativeTarget "NostelgiAlbum" */ = {
			isa = XCConfigurationList;
			buildConfigurations = (
				8094CA4B28EDC65900E70F76 /* Debug */,
				8094CA4C28EDC65900E70F76 /* Release */,
			);
			defaultConfigurationIsVisible = 0;
			defaultConfigurationName = Release;
		};
		8094CA4D28EDC65900E70F76 /* Build configuration list for PBXNativeTarget "NostelgiAlbumTests" */ = {
			isa = XCConfigurationList;
			buildConfigurations = (
				8094CA4E28EDC65900E70F76 /* Debug */,
				8094CA4F28EDC65900E70F76 /* Release */,
			);
			defaultConfigurationIsVisible = 0;
			defaultConfigurationName = Release;
		};
		8094CA5028EDC65900E70F76 /* Build configuration list for PBXNativeTarget "NostelgiAlbumUITests" */ = {
			isa = XCConfigurationList;
			buildConfigurations = (
				8094CA5128EDC65900E70F76 /* Debug */,
				8094CA5228EDC65900E70F76 /* Release */,
			);
			defaultConfigurationIsVisible = 0;
			defaultConfigurationName = Release;
		};
/* End XCConfigurationList section */
	};
	rootObject = 8094CA1828EDC65500E70F76 /* Project object */;
}
