// !$*UTF8*$!
{
	archiveVersion = 1;
	classes = {
	};
	objectVersion = 55;
	objects = {

/* Begin PBXBuildFile section */
		6E40494444D284B57AB22A17 /* Pods_NostelgiAlbumTests.framework in Frameworks */ = {isa = PBXBuildFile; fileRef = DD45D2E351EE192C1D87DB8D /* Pods_NostelgiAlbumTests.framework */; };
		8002F65328EE905B00E9913D /* HomeScreenViewController.swift in Sources */ = {isa = PBXBuildFile; fileRef = 8002F65228EE905B00E9913D /* HomeScreenViewController.swift */; };
		8002F65528EE9D1800E9913D /* HomeScreenCollectionViewCell.swift in Sources */ = {isa = PBXBuildFile; fileRef = 8002F65428EE9D1800E9913D /* HomeScreenCollectionViewCell.swift */; };
		8006D02229ED528300389292 /* HomeiCloudSettingViewController.swift in Sources */ = {isa = PBXBuildFile; fileRef = 8006D02129ED528300389292 /* HomeiCloudSettingViewController.swift */; };
		8020034B290FBB9200FCD54F /* AlbumScreenViewController.swift in Sources */ = {isa = PBXBuildFile; fileRef = 8020034A290FBB9200FCD54F /* AlbumScreenViewController.swift */; };
		8026146E29F785AD00CB9543 /* SettingViewController.swift in Sources */ = {isa = PBXBuildFile; fileRef = 8026146D29F785AD00CB9543 /* SettingViewController.swift */; };
		8026147029F78B5200CB9543 /* HomeSettingViewController.swift in Sources */ = {isa = PBXBuildFile; fileRef = 8026146F29F78B5200CB9543 /* HomeSettingViewController.swift */; };
		80263E4C29FCC8C300C74F69 /* FirstPageSettingViewController.swift in Sources */ = {isa = PBXBuildFile; fileRef = 80263E4B29FCC8C300C74F69 /* FirstPageSettingViewController.swift */; };
		80263E4E29FCCC6500C74F69 /* FirstPageSettingTableViewCell.swift in Sources */ = {isa = PBXBuildFile; fileRef = 80263E4D29FCCC6500C74F69 /* FirstPageSettingTableViewCell.swift */; };
		8028413B2A0F9B9600E1CE29 /* LoadingViewController.swift in Sources */ = {isa = PBXBuildFile; fileRef = 8028413A2A0F9B9600E1CE29 /* LoadingViewController.swift */; };
		804C7E8E295835D200C63880 /* ImageFunc.swift in Sources */ = {isa = PBXBuildFile; fileRef = 804C7E8D295835D200C63880 /* ImageFunc.swift */; };
		804F7D672A12526B000E40B3 /* LaunchScreen_ver3.png in Resources */ = {isa = PBXBuildFile; fileRef = 804F7D662A12526B000E40B3 /* LaunchScreen_ver3.png */; };
		80554C3029FD59D900F04AF1 /* ShadowFunc.swift in Sources */ = {isa = PBXBuildFile; fileRef = 80554C2F29FD59D900F04AF1 /* ShadowFunc.swift */; };
		806A653E293873C80054FAEF /* HomeEditViewController.swift in Sources */ = {isa = PBXBuildFile; fileRef = 806A653D293873C80054FAEF /* HomeEditViewController.swift */; };
		8075A0A92A0A21F60075B141 /* ErrorHandlingFunc.swift in Sources */ = {isa = PBXBuildFile; fileRef = 8075A0A82A0A21F60075B141 /* ErrorHandlingFunc.swift */; };
		807A193C29312CEF00BC434B /* RealmClassFunc.swift in Sources */ = {isa = PBXBuildFile; fileRef = 807A193B29312CEE00BC434B /* RealmClassFunc.swift */; };
		807FF50129260656005D9884 /* InfoTableViewCell.swift in Sources */ = {isa = PBXBuildFile; fileRef = 807FF50029260656005D9884 /* InfoTableViewCell.swift */; };
		8080200E29E18B9700CECCB8 /* InfoViewController.swift in Sources */ = {isa = PBXBuildFile; fileRef = 8080200D29E18B9700CECCB8 /* InfoViewController.swift */; };
		8080201029E3F4C800CECCB8 /* SetPictureNameViewController.swift in Sources */ = {isa = PBXBuildFile; fileRef = 8080200F29E3F4C800CECCB8 /* SetPictureNameViewController.swift */; };
		8080201229E3F4D300CECCB8 /* SetPictureDescriptionViewController.swift in Sources */ = {isa = PBXBuildFile; fileRef = 8080201129E3F4D300CECCB8 /* SetPictureDescriptionViewController.swift */; };
		8092C3A3298CE6F0007FFEF3 /* HomeEditViewController+ButtonAction.swift in Sources */ = {isa = PBXBuildFile; fileRef = 8092C3A2298CE6F0007FFEF3 /* HomeEditViewController+ButtonAction.swift */; };
		8092C3A5298CF1AA007FFEF3 /* CollectionView+ButtonAction.swift in Sources */ = {isa = PBXBuildFile; fileRef = 8092C3A4298CF1AA007FFEF3 /* CollectionView+ButtonAction.swift */; };
		8094CA2428EDC65500E70F76 /* AppDelegate.swift in Sources */ = {isa = PBXBuildFile; fileRef = 8094CA2328EDC65500E70F76 /* AppDelegate.swift */; };
		8094CA2B28EDC65500E70F76 /* Main.storyboard in Resources */ = {isa = PBXBuildFile; fileRef = 8094CA2928EDC65500E70F76 /* Main.storyboard */; };
		8094CA3028EDC65900E70F76 /* LaunchScreen.storyboard in Resources */ = {isa = PBXBuildFile; fileRef = 8094CA2E28EDC65900E70F76 /* LaunchScreen.storyboard */; };
		8094CA3B28EDC65900E70F76 /* NostelgiAlbumTests.swift in Sources */ = {isa = PBXBuildFile; fileRef = 8094CA3A28EDC65900E70F76 /* NostelgiAlbumTests.swift */; };
		8094CA4528EDC65900E70F76 /* NostelgiAlbumUITests.swift in Sources */ = {isa = PBXBuildFile; fileRef = 8094CA4428EDC65900E70F76 /* NostelgiAlbumUITests.swift */; };
		8094CA4728EDC65900E70F76 /* NostelgiAlbumUITestsLaunchTests.swift in Sources */ = {isa = PBXBuildFile; fileRef = 8094CA4628EDC65900E70F76 /* NostelgiAlbumUITestsLaunchTests.swift */; };
		80A6D645299A0BE600B2D657 /* ShareFunc.swift in Sources */ = {isa = PBXBuildFile; fileRef = 80A6D644299A0BE600B2D657 /* ShareFunc.swift */; };
		80C56D18298CE5360063688F /* HomeScreenViewController+CollectionView.swift in Sources */ = {isa = PBXBuildFile; fileRef = 80C56D17298CE5360063688F /* HomeScreenViewController+CollectionView.swift */; };
		80C8C86C29DE92C300A9F01F /* AlbumEditViewController+ButtonAction.swift in Sources */ = {isa = PBXBuildFile; fileRef = 80C8C86B29DE92C300A9F01F /* AlbumEditViewController+ButtonAction.swift */; };
		80C8C86E29DE935700A9F01F /* PickerImageController+CropViewController.swift in Sources */ = {isa = PBXBuildFile; fileRef = 80C8C86D29DE935700A9F01F /* PickerImageController+CropViewController.swift */; };
		80D580E729F79BFD00EF65C9 /* ThemeColorFunc.swift in Sources */ = {isa = PBXBuildFile; fileRef = 80D580E629F79BFD00EF65C9 /* ThemeColorFunc.swift */; };
		80D580E929F79C9E00EF65C9 /* ThemeColorSet.swift in Sources */ = {isa = PBXBuildFile; fileRef = 80D580E829F79C9E00EF65C9 /* ThemeColorSet.swift */; };
		80D580EB29FBB4DE00EF65C9 /* SettingTableViewCell.swift in Sources */ = {isa = PBXBuildFile; fileRef = 80D580EA29FBB4DE00EF65C9 /* SettingTableViewCell.swift */; };
		80D580ED29FBDDCC00EF65C9 /* FontSettingViewController.swift in Sources */ = {isa = PBXBuildFile; fileRef = 80D580EC29FBDDCC00EF65C9 /* FontSettingViewController.swift */; };
		80D580F029FBFCD600EF65C9 /* FontSettingTableViewCell.swift in Sources */ = {isa = PBXBuildFile; fileRef = 80D580EF29FBFCD600EF65C9 /* FontSettingTableViewCell.swift */; };
		80D580F229FBFD6F00EF65C9 /* FontSet.swift in Sources */ = {isa = PBXBuildFile; fileRef = 80D580F129FBFD6F00EF65C9 /* FontSet.swift */; };
		80D5810129FC1BD800EF65C9 /* FontFunc.swift in Sources */ = {isa = PBXBuildFile; fileRef = 80D5810029FC1BD800EF65C9 /* FontFunc.swift */; };
		80D5810E29FC37AB00EF65C9 /* EF_watermelonSalad.otf in Resources */ = {isa = PBXBuildFile; fileRef = 80D5810D29FC37AB00EF65C9 /* EF_watermelonSalad.otf */; };
		80D5811229FC37B600EF65C9 /* GmarketSansLight.otf in Resources */ = {isa = PBXBuildFile; fileRef = 80D5810F29FC37B600EF65C9 /* GmarketSansLight.otf */; };
		80D5811329FC37B600EF65C9 /* GmarketSansBold.otf in Resources */ = {isa = PBXBuildFile; fileRef = 80D5811029FC37B600EF65C9 /* GmarketSansBold.otf */; };
		80D5811429FC37B600EF65C9 /* GmarketSansMedium.otf in Resources */ = {isa = PBXBuildFile; fileRef = 80D5811129FC37B600EF65C9 /* GmarketSansMedium.otf */; };
		80D5811729FC37C000EF65C9 /* PyeongChangPeace-Light.otf in Resources */ = {isa = PBXBuildFile; fileRef = 80D5811529FC37C000EF65C9 /* PyeongChangPeace-Light.otf */; };
		80D5811829FC37C000EF65C9 /* PyeongChangPeace-Bold.otf in Resources */ = {isa = PBXBuildFile; fileRef = 80D5811629FC37C000EF65C9 /* PyeongChangPeace-Bold.otf */; };
		80D58CDD2A121FB9001033C5 /* Assets.xcassets in Resources */ = {isa = PBXBuildFile; fileRef = 8094CA2C28EDC65900E70F76 /* Assets.xcassets */; };
		80DF50AE290FBF80009EE336 /* AlbumScreenCollectionViewCell.swift in Sources */ = {isa = PBXBuildFile; fileRef = 80DF50AD290FBF80009EE336 /* AlbumScreenCollectionViewCell.swift */; };
		80DFA70F2A109BA100499061 /* Networking.swift in Sources */ = {isa = PBXBuildFile; fileRef = 80DFA70E2A109BA100499061 /* Networking.swift */; };
		80FE482729B0832000FD0D6A /* SetAlbumNameViewController.swift in Sources */ = {isa = PBXBuildFile; fileRef = 80FE482629B0832000FD0D6A /* SetAlbumNameViewController.swift */; };
		831A04D8295EBDCA009D26A0 /* AlbumPicViewController.swift in Sources */ = {isa = PBXBuildFile; fileRef = 831A04D7295EBDCA009D26A0 /* AlbumPicViewController.swift */; };
		831A04DA295EC04C009D26A0 /* ImageViewController.swift in Sources */ = {isa = PBXBuildFile; fileRef = 831A04D9295EC04C009D26A0 /* ImageViewController.swift */; };
		831E7444299A724900D48D5C /* AlbumScreenViewGesture.swift in Sources */ = {isa = PBXBuildFile; fileRef = 831E7443299A724900D48D5C /* AlbumScreenViewGesture.swift */; };
		831E7446299A7BDF00D48D5C /* AlbumDelegate+Layout.swift in Sources */ = {isa = PBXBuildFile; fileRef = 831E7445299A7BDF00D48D5C /* AlbumDelegate+Layout.swift */; };
		831E744829A5286400D48D5C /* AlbumRenameViewController.swift in Sources */ = {isa = PBXBuildFile; fileRef = 831E744729A5286400D48D5C /* AlbumRenameViewController.swift */; };
		8320291F295EA8E2001709E9 /* AlbumEditViewController.swift in Sources */ = {isa = PBXBuildFile; fileRef = 8320291E295EA8E2001709E9 /* AlbumEditViewController.swift */; };
		83250E522A06A88E00035578 /* CustomLabel&CustomButton.swift in Sources */ = {isa = PBXBuildFile; fileRef = 83250E512A06A88E00035578 /* CustomLabel&CustomButton.swift */; };
		83C615C8298B978D0018BBAF /* ShareViewController.swift in Sources */ = {isa = PBXBuildFile; fileRef = 83C615C7298B978D0018BBAF /* ShareViewController.swift */; };
		83C615F1298EBB010018BBAF /* SharingAlbumPush.swift in Sources */ = {isa = PBXBuildFile; fileRef = 83C615F0298EBB010018BBAF /* SharingAlbumPush.swift */; };
		83C615F629994CE30018BBAF /* ToolBarButtonAction.swift in Sources */ = {isa = PBXBuildFile; fileRef = 83C615F529994CE30018BBAF /* ToolBarButtonAction.swift */; };
		83D13CEA2A166D420018C4AC /* ContentsDelegate+Layout.swift in Sources */ = {isa = PBXBuildFile; fileRef = 83D13CE92A166D420018C4AC /* ContentsDelegate+Layout.swift */; };
		83D13CEE2A166EA60018C4AC /* PageDelegate+Layout.swift in Sources */ = {isa = PBXBuildFile; fileRef = 83D13CED2A166EA60018C4AC /* PageDelegate+Layout.swift */; };
		83E5D2B229E80410001C7DE0 /* ContentsSearchViewController.swift in Sources */ = {isa = PBXBuildFile; fileRef = 83E5D2AD29E80410001C7DE0 /* ContentsSearchViewController.swift */; };
		83E5D2B329E80410001C7DE0 /* ContentsController.swift in Sources */ = {isa = PBXBuildFile; fileRef = 83E5D2AE29E80410001C7DE0 /* ContentsController.swift */; };
		83E5D2B429E80410001C7DE0 /* ContentsCells.swift in Sources */ = {isa = PBXBuildFile; fileRef = 83E5D2AF29E80410001C7DE0 /* ContentsCells.swift */; };
		83E5D2B529E80410001C7DE0 /* PageSearchViewController.swift in Sources */ = {isa = PBXBuildFile; fileRef = 83E5D2B029E80410001C7DE0 /* PageSearchViewController.swift */; };
		83E5D2B629E80410001C7DE0 /* PageCells.swift in Sources */ = {isa = PBXBuildFile; fileRef = 83E5D2B129E80410001C7DE0 /* PageCells.swift */; };
		C0F3ECE166A7DAA34C483BBF /* Pods_NostelgiAlbum_NostelgiAlbumUITests.framework in Frameworks */ = {isa = PBXBuildFile; fileRef = 9012CEB3A508CA15AB036C93 /* Pods_NostelgiAlbum_NostelgiAlbumUITests.framework */; };
		C674A76DE71B2D6B321B1C1E /* Pods_NostelgiAlbum.framework in Frameworks */ = {isa = PBXBuildFile; fileRef = 333B1EB0131BF7D37399E3F7 /* Pods_NostelgiAlbum.framework */; };
/* End PBXBuildFile section */

/* Begin PBXContainerItemProxy section */
		8094CA3728EDC65900E70F76 /* PBXContainerItemProxy */ = {
			isa = PBXContainerItemProxy;
			containerPortal = 8094CA1828EDC65500E70F76 /* Project object */;
			proxyType = 1;
			remoteGlobalIDString = 8094CA1F28EDC65500E70F76;
			remoteInfo = NostelgiAlbum;
		};
		8094CA4128EDC65900E70F76 /* PBXContainerItemProxy */ = {
			isa = PBXContainerItemProxy;
			containerPortal = 8094CA1828EDC65500E70F76 /* Project object */;
			proxyType = 1;
			remoteGlobalIDString = 8094CA1F28EDC65500E70F76;
			remoteInfo = NostelgiAlbum;
		};
/* End PBXContainerItemProxy section */

/* Begin PBXFileReference section */
		09E86ACB70C1454B76E222B5 /* Pods-NostelgiAlbum-NostelgiAlbumUITests.debug.xcconfig */ = {isa = PBXFileReference; includeInIndex = 1; lastKnownFileType = text.xcconfig; name = "Pods-NostelgiAlbum-NostelgiAlbumUITests.debug.xcconfig"; path = "Target Support Files/Pods-NostelgiAlbum-NostelgiAlbumUITests/Pods-NostelgiAlbum-NostelgiAlbumUITests.debug.xcconfig"; sourceTree = "<group>"; };
		333B1EB0131BF7D37399E3F7 /* Pods_NostelgiAlbum.framework */ = {isa = PBXFileReference; explicitFileType = wrapper.framework; includeInIndex = 0; path = Pods_NostelgiAlbum.framework; sourceTree = BUILT_PRODUCTS_DIR; };
		4C8290A5F6ED840AD5B917C9 /* Pods-NostelgiAlbum.debug.xcconfig */ = {isa = PBXFileReference; includeInIndex = 1; lastKnownFileType = text.xcconfig; name = "Pods-NostelgiAlbum.debug.xcconfig"; path = "Target Support Files/Pods-NostelgiAlbum/Pods-NostelgiAlbum.debug.xcconfig"; sourceTree = "<group>"; };
		6601033F99ABB4CE0338C61C /* Pods-NostelgiAlbum-NostelgiAlbumUITests.release.xcconfig */ = {isa = PBXFileReference; includeInIndex = 1; lastKnownFileType = text.xcconfig; name = "Pods-NostelgiAlbum-NostelgiAlbumUITests.release.xcconfig"; path = "Target Support Files/Pods-NostelgiAlbum-NostelgiAlbumUITests/Pods-NostelgiAlbum-NostelgiAlbumUITests.release.xcconfig"; sourceTree = "<group>"; };
		6E5DCC93F7BDA1B362378A7C /* Pods-NostelgiAlbum.release.xcconfig */ = {isa = PBXFileReference; includeInIndex = 1; lastKnownFileType = text.xcconfig; name = "Pods-NostelgiAlbum.release.xcconfig"; path = "Target Support Files/Pods-NostelgiAlbum/Pods-NostelgiAlbum.release.xcconfig"; sourceTree = "<group>"; };
		8002F65228EE905B00E9913D /* HomeScreenViewController.swift */ = {isa = PBXFileReference; lastKnownFileType = sourcecode.swift; path = HomeScreenViewController.swift; sourceTree = "<group>"; };
		8002F65428EE9D1800E9913D /* HomeScreenCollectionViewCell.swift */ = {isa = PBXFileReference; lastKnownFileType = sourcecode.swift; path = HomeScreenCollectionViewCell.swift; sourceTree = "<group>"; };
		8006D02129ED528300389292 /* HomeiCloudSettingViewController.swift */ = {isa = PBXFileReference; lastKnownFileType = sourcecode.swift; path = HomeiCloudSettingViewController.swift; sourceTree = "<group>"; };
		8020034A290FBB9200FCD54F /* AlbumScreenViewController.swift */ = {isa = PBXFileReference; lastKnownFileType = sourcecode.swift; path = AlbumScreenViewController.swift; sourceTree = "<group>"; };
		8026146D29F785AD00CB9543 /* SettingViewController.swift */ = {isa = PBXFileReference; lastKnownFileType = sourcecode.swift; path = SettingViewController.swift; sourceTree = "<group>"; };
		8026146F29F78B5200CB9543 /* HomeSettingViewController.swift */ = {isa = PBXFileReference; lastKnownFileType = sourcecode.swift; path = HomeSettingViewController.swift; sourceTree = "<group>"; };
		80263E4B29FCC8C300C74F69 /* FirstPageSettingViewController.swift */ = {isa = PBXFileReference; lastKnownFileType = sourcecode.swift; path = FirstPageSettingViewController.swift; sourceTree = "<group>"; };
		80263E4D29FCCC6500C74F69 /* FirstPageSettingTableViewCell.swift */ = {isa = PBXFileReference; lastKnownFileType = sourcecode.swift; path = FirstPageSettingTableViewCell.swift; sourceTree = "<group>"; };
		8028413A2A0F9B9600E1CE29 /* LoadingViewController.swift */ = {isa = PBXFileReference; lastKnownFileType = sourcecode.swift; path = LoadingViewController.swift; sourceTree = "<group>"; };
		804C7E8D295835D200C63880 /* ImageFunc.swift */ = {isa = PBXFileReference; lastKnownFileType = sourcecode.swift; path = ImageFunc.swift; sourceTree = "<group>"; };
		804F7D662A12526B000E40B3 /* LaunchScreen_ver3.png */ = {isa = PBXFileReference; lastKnownFileType = image.png; path = LaunchScreen_ver3.png; sourceTree = "<group>"; };
		80554C2F29FD59D900F04AF1 /* ShadowFunc.swift */ = {isa = PBXFileReference; lastKnownFileType = sourcecode.swift; path = ShadowFunc.swift; sourceTree = "<group>"; };
		806A653D293873C80054FAEF /* HomeEditViewController.swift */ = {isa = PBXFileReference; lastKnownFileType = sourcecode.swift; path = HomeEditViewController.swift; sourceTree = "<group>"; };
		8075A0A82A0A21F60075B141 /* ErrorHandlingFunc.swift */ = {isa = PBXFileReference; lastKnownFileType = sourcecode.swift; path = ErrorHandlingFunc.swift; sourceTree = "<group>"; };
		807A193B29312CEE00BC434B /* RealmClassFunc.swift */ = {isa = PBXFileReference; lastKnownFileType = sourcecode.swift; path = RealmClassFunc.swift; sourceTree = "<group>"; };
		807FF50029260656005D9884 /* InfoTableViewCell.swift */ = {isa = PBXFileReference; lastKnownFileType = sourcecode.swift; path = InfoTableViewCell.swift; sourceTree = "<group>"; };
		8080200D29E18B9700CECCB8 /* InfoViewController.swift */ = {isa = PBXFileReference; lastKnownFileType = sourcecode.swift; path = InfoViewController.swift; sourceTree = "<group>"; };
		8080200F29E3F4C800CECCB8 /* SetPictureNameViewController.swift */ = {isa = PBXFileReference; lastKnownFileType = sourcecode.swift; path = SetPictureNameViewController.swift; sourceTree = "<group>"; };
		8080201129E3F4D300CECCB8 /* SetPictureDescriptionViewController.swift */ = {isa = PBXFileReference; lastKnownFileType = sourcecode.swift; path = SetPictureDescriptionViewController.swift; sourceTree = "<group>"; };
		8092C3A2298CE6F0007FFEF3 /* HomeEditViewController+ButtonAction.swift */ = {isa = PBXFileReference; lastKnownFileType = sourcecode.swift; path = "HomeEditViewController+ButtonAction.swift"; sourceTree = "<group>"; };
		8092C3A4298CF1AA007FFEF3 /* CollectionView+ButtonAction.swift */ = {isa = PBXFileReference; lastKnownFileType = sourcecode.swift; path = "CollectionView+ButtonAction.swift"; sourceTree = "<group>"; };
		8094CA2028EDC65500E70F76 /* NostelgiAlbum.app */ = {isa = PBXFileReference; explicitFileType = wrapper.application; includeInIndex = 0; path = NostelgiAlbum.app; sourceTree = BUILT_PRODUCTS_DIR; };
		8094CA2328EDC65500E70F76 /* AppDelegate.swift */ = {isa = PBXFileReference; lastKnownFileType = sourcecode.swift; path = AppDelegate.swift; sourceTree = "<group>"; };
		8094CA2A28EDC65500E70F76 /* Base */ = {isa = PBXFileReference; lastKnownFileType = file.storyboard; name = Base; path = Base.lproj/Main.storyboard; sourceTree = "<group>"; };
		8094CA2C28EDC65900E70F76 /* Assets.xcassets */ = {isa = PBXFileReference; lastKnownFileType = folder.assetcatalog; path = Assets.xcassets; sourceTree = "<group>"; };
		8094CA2F28EDC65900E70F76 /* Base */ = {isa = PBXFileReference; lastKnownFileType = file.storyboard; name = Base; path = Base.lproj/LaunchScreen.storyboard; sourceTree = "<group>"; };
		8094CA3128EDC65900E70F76 /* Info.plist */ = {isa = PBXFileReference; lastKnownFileType = text.plist.xml; path = Info.plist; sourceTree = "<group>"; };
		8094CA3628EDC65900E70F76 /* NostelgiAlbumTests.xctest */ = {isa = PBXFileReference; explicitFileType = wrapper.cfbundle; includeInIndex = 0; path = NostelgiAlbumTests.xctest; sourceTree = BUILT_PRODUCTS_DIR; };
		8094CA3A28EDC65900E70F76 /* NostelgiAlbumTests.swift */ = {isa = PBXFileReference; lastKnownFileType = sourcecode.swift; path = NostelgiAlbumTests.swift; sourceTree = "<group>"; };
		8094CA4028EDC65900E70F76 /* NostelgiAlbumUITests.xctest */ = {isa = PBXFileReference; explicitFileType = wrapper.cfbundle; includeInIndex = 0; path = NostelgiAlbumUITests.xctest; sourceTree = BUILT_PRODUCTS_DIR; };
		8094CA4428EDC65900E70F76 /* NostelgiAlbumUITests.swift */ = {isa = PBXFileReference; lastKnownFileType = sourcecode.swift; path = NostelgiAlbumUITests.swift; sourceTree = "<group>"; };
		8094CA4628EDC65900E70F76 /* NostelgiAlbumUITestsLaunchTests.swift */ = {isa = PBXFileReference; lastKnownFileType = sourcecode.swift; path = NostelgiAlbumUITestsLaunchTests.swift; sourceTree = "<group>"; };
		80A6D644299A0BE600B2D657 /* ShareFunc.swift */ = {isa = PBXFileReference; lastKnownFileType = sourcecode.swift; path = ShareFunc.swift; sourceTree = "<group>"; };
		80C56D17298CE5360063688F /* HomeScreenViewController+CollectionView.swift */ = {isa = PBXFileReference; lastKnownFileType = sourcecode.swift; path = "HomeScreenViewController+CollectionView.swift"; sourceTree = "<group>"; };
		80C8C86B29DE92C300A9F01F /* AlbumEditViewController+ButtonAction.swift */ = {isa = PBXFileReference; lastKnownFileType = sourcecode.swift; path = "AlbumEditViewController+ButtonAction.swift"; sourceTree = "<group>"; };
		80C8C86D29DE935700A9F01F /* PickerImageController+CropViewController.swift */ = {isa = PBXFileReference; lastKnownFileType = sourcecode.swift; path = "PickerImageController+CropViewController.swift"; sourceTree = "<group>"; };
		80D580E629F79BFD00EF65C9 /* ThemeColorFunc.swift */ = {isa = PBXFileReference; lastKnownFileType = sourcecode.swift; path = ThemeColorFunc.swift; sourceTree = "<group>"; };
		80D580E829F79C9E00EF65C9 /* ThemeColorSet.swift */ = {isa = PBXFileReference; lastKnownFileType = sourcecode.swift; path = ThemeColorSet.swift; sourceTree = "<group>"; };
		80D580EA29FBB4DE00EF65C9 /* SettingTableViewCell.swift */ = {isa = PBXFileReference; lastKnownFileType = sourcecode.swift; path = SettingTableViewCell.swift; sourceTree = "<group>"; };
		80D580EC29FBDDCC00EF65C9 /* FontSettingViewController.swift */ = {isa = PBXFileReference; lastKnownFileType = sourcecode.swift; path = FontSettingViewController.swift; sourceTree = "<group>"; };
		80D580EF29FBFCD600EF65C9 /* FontSettingTableViewCell.swift */ = {isa = PBXFileReference; lastKnownFileType = sourcecode.swift; path = FontSettingTableViewCell.swift; sourceTree = "<group>"; };
		80D580F129FBFD6F00EF65C9 /* FontSet.swift */ = {isa = PBXFileReference; lastKnownFileType = sourcecode.swift; path = FontSet.swift; sourceTree = "<group>"; };
		80D5810029FC1BD800EF65C9 /* FontFunc.swift */ = {isa = PBXFileReference; lastKnownFileType = sourcecode.swift; path = FontFunc.swift; sourceTree = "<group>"; };
		80D5810D29FC37AB00EF65C9 /* EF_watermelonSalad.otf */ = {isa = PBXFileReference; lastKnownFileType = file; path = EF_watermelonSalad.otf; sourceTree = "<group>"; };
		80D5810F29FC37B600EF65C9 /* GmarketSansLight.otf */ = {isa = PBXFileReference; lastKnownFileType = file; path = GmarketSansLight.otf; sourceTree = "<group>"; };
		80D5811029FC37B600EF65C9 /* GmarketSansBold.otf */ = {isa = PBXFileReference; lastKnownFileType = file; path = GmarketSansBold.otf; sourceTree = "<group>"; };
		80D5811129FC37B600EF65C9 /* GmarketSansMedium.otf */ = {isa = PBXFileReference; lastKnownFileType = file; path = GmarketSansMedium.otf; sourceTree = "<group>"; };
		80D5811529FC37C000EF65C9 /* PyeongChangPeace-Light.otf */ = {isa = PBXFileReference; lastKnownFileType = file; path = "PyeongChangPeace-Light.otf"; sourceTree = "<group>"; };
		80D5811629FC37C000EF65C9 /* PyeongChangPeace-Bold.otf */ = {isa = PBXFileReference; lastKnownFileType = file; path = "PyeongChangPeace-Bold.otf"; sourceTree = "<group>"; };
		80D80B5029ED78F7009612FA /* NostelgiAlbum.entitlements */ = {isa = PBXFileReference; lastKnownFileType = text.plist.entitlements; path = NostelgiAlbum.entitlements; sourceTree = "<group>"; };
		80DF50AD290FBF80009EE336 /* AlbumScreenCollectionViewCell.swift */ = {isa = PBXFileReference; lastKnownFileType = sourcecode.swift; path = AlbumScreenCollectionViewCell.swift; sourceTree = "<group>"; };
		80DFA70E2A109BA100499061 /* Networking.swift */ = {isa = PBXFileReference; lastKnownFileType = sourcecode.swift; path = Networking.swift; sourceTree = "<group>"; };
		80FE482629B0832000FD0D6A /* SetAlbumNameViewController.swift */ = {isa = PBXFileReference; lastKnownFileType = sourcecode.swift; path = SetAlbumNameViewController.swift; sourceTree = "<group>"; };
		831A04D7295EBDCA009D26A0 /* AlbumPicViewController.swift */ = {isa = PBXFileReference; lastKnownFileType = sourcecode.swift; path = AlbumPicViewController.swift; sourceTree = "<group>"; };
		831A04D9295EC04C009D26A0 /* ImageViewController.swift */ = {isa = PBXFileReference; lastKnownFileType = sourcecode.swift; path = ImageViewController.swift; sourceTree = "<group>"; };
		831E7443299A724900D48D5C /* AlbumScreenViewGesture.swift */ = {isa = PBXFileReference; lastKnownFileType = sourcecode.swift; path = AlbumScreenViewGesture.swift; sourceTree = "<group>"; };
		831E7445299A7BDF00D48D5C /* AlbumDelegate+Layout.swift */ = {isa = PBXFileReference; lastKnownFileType = sourcecode.swift; path = "AlbumDelegate+Layout.swift"; sourceTree = "<group>"; };
		831E744729A5286400D48D5C /* AlbumRenameViewController.swift */ = {isa = PBXFileReference; lastKnownFileType = sourcecode.swift; path = AlbumRenameViewController.swift; sourceTree = "<group>"; };
		8320291E295EA8E2001709E9 /* AlbumEditViewController.swift */ = {isa = PBXFileReference; lastKnownFileType = sourcecode.swift; path = AlbumEditViewController.swift; sourceTree = "<group>"; };
		83250E512A06A88E00035578 /* CustomLabel&CustomButton.swift */ = {isa = PBXFileReference; lastKnownFileType = sourcecode.swift; path = "CustomLabel&CustomButton.swift"; sourceTree = "<group>"; };
		83C615C7298B978D0018BBAF /* ShareViewController.swift */ = {isa = PBXFileReference; lastKnownFileType = sourcecode.swift; path = ShareViewController.swift; sourceTree = "<group>"; };
		83C615F0298EBB010018BBAF /* SharingAlbumPush.swift */ = {isa = PBXFileReference; lastKnownFileType = sourcecode.swift; path = SharingAlbumPush.swift; sourceTree = "<group>"; };
		83C615F529994CE30018BBAF /* ToolBarButtonAction.swift */ = {isa = PBXFileReference; lastKnownFileType = sourcecode.swift; path = ToolBarButtonAction.swift; sourceTree = "<group>"; };
		83D13CE92A166D420018C4AC /* ContentsDelegate+Layout.swift */ = {isa = PBXFileReference; lastKnownFileType = sourcecode.swift; path = "ContentsDelegate+Layout.swift"; sourceTree = "<group>"; };
		83D13CED2A166EA60018C4AC /* PageDelegate+Layout.swift */ = {isa = PBXFileReference; lastKnownFileType = sourcecode.swift; path = "PageDelegate+Layout.swift"; sourceTree = "<group>"; };
		83E5D2AD29E80410001C7DE0 /* ContentsSearchViewController.swift */ = {isa = PBXFileReference; fileEncoding = 4; lastKnownFileType = sourcecode.swift; path = ContentsSearchViewController.swift; sourceTree = "<group>"; };
		83E5D2AE29E80410001C7DE0 /* ContentsController.swift */ = {isa = PBXFileReference; fileEncoding = 4; lastKnownFileType = sourcecode.swift; path = ContentsController.swift; sourceTree = "<group>"; };
		83E5D2AF29E80410001C7DE0 /* ContentsCells.swift */ = {isa = PBXFileReference; fileEncoding = 4; lastKnownFileType = sourcecode.swift; path = ContentsCells.swift; sourceTree = "<group>"; };
		83E5D2B029E80410001C7DE0 /* PageSearchViewController.swift */ = {isa = PBXFileReference; fileEncoding = 4; lastKnownFileType = sourcecode.swift; path = PageSearchViewController.swift; sourceTree = "<group>"; };
		83E5D2B129E80410001C7DE0 /* PageCells.swift */ = {isa = PBXFileReference; fileEncoding = 4; lastKnownFileType = sourcecode.swift; path = PageCells.swift; sourceTree = "<group>"; };
		9012CEB3A508CA15AB036C93 /* Pods_NostelgiAlbum_NostelgiAlbumUITests.framework */ = {isa = PBXFileReference; explicitFileType = wrapper.framework; includeInIndex = 0; path = Pods_NostelgiAlbum_NostelgiAlbumUITests.framework; sourceTree = BUILT_PRODUCTS_DIR; };
		91F58AEC0D6B332A167C129D /* Pods-NostelgiAlbumTests.debug.xcconfig */ = {isa = PBXFileReference; includeInIndex = 1; lastKnownFileType = text.xcconfig; name = "Pods-NostelgiAlbumTests.debug.xcconfig"; path = "Target Support Files/Pods-NostelgiAlbumTests/Pods-NostelgiAlbumTests.debug.xcconfig"; sourceTree = "<group>"; };
		D8BEDED1B5046A84DA5ED8E9 /* Pods-NostelgiAlbumTests.release.xcconfig */ = {isa = PBXFileReference; includeInIndex = 1; lastKnownFileType = text.xcconfig; name = "Pods-NostelgiAlbumTests.release.xcconfig"; path = "Target Support Files/Pods-NostelgiAlbumTests/Pods-NostelgiAlbumTests.release.xcconfig"; sourceTree = "<group>"; };
		DD45D2E351EE192C1D87DB8D /* Pods_NostelgiAlbumTests.framework */ = {isa = PBXFileReference; explicitFileType = wrapper.framework; includeInIndex = 0; path = Pods_NostelgiAlbumTests.framework; sourceTree = BUILT_PRODUCTS_DIR; };
/* End PBXFileReference section */

/* Begin PBXFrameworksBuildPhase section */
		8094CA1D28EDC65500E70F76 /* Frameworks */ = {
			isa = PBXFrameworksBuildPhase;
			buildActionMask = 2147483647;
			files = (
				C674A76DE71B2D6B321B1C1E /* Pods_NostelgiAlbum.framework in Frameworks */,
			);
			runOnlyForDeploymentPostprocessing = 0;
		};
		8094CA3328EDC65900E70F76 /* Frameworks */ = {
			isa = PBXFrameworksBuildPhase;
			buildActionMask = 2147483647;
			files = (
				6E40494444D284B57AB22A17 /* Pods_NostelgiAlbumTests.framework in Frameworks */,
			);
			runOnlyForDeploymentPostprocessing = 0;
		};
		8094CA3D28EDC65900E70F76 /* Frameworks */ = {
			isa = PBXFrameworksBuildPhase;
			buildActionMask = 2147483647;
			files = (
				C0F3ECE166A7DAA34C483BBF /* Pods_NostelgiAlbum_NostelgiAlbumUITests.framework in Frameworks */,
			);
			runOnlyForDeploymentPostprocessing = 0;
		};
/* End PBXFrameworksBuildPhase section */

/* Begin PBXGroup section */
		6C221F8D594D7C5B1A9DAF84 /* Pods */ = {
			isa = PBXGroup;
			children = (
				4C8290A5F6ED840AD5B917C9 /* Pods-NostelgiAlbum.debug.xcconfig */,
				6E5DCC93F7BDA1B362378A7C /* Pods-NostelgiAlbum.release.xcconfig */,
				09E86ACB70C1454B76E222B5 /* Pods-NostelgiAlbum-NostelgiAlbumUITests.debug.xcconfig */,
				6601033F99ABB4CE0338C61C /* Pods-NostelgiAlbum-NostelgiAlbumUITests.release.xcconfig */,
				91F58AEC0D6B332A167C129D /* Pods-NostelgiAlbumTests.debug.xcconfig */,
				D8BEDED1B5046A84DA5ED8E9 /* Pods-NostelgiAlbumTests.release.xcconfig */,
			);
			path = Pods;
			sourceTree = "<group>";
		};
		80554C2E29FD599C00F04AF1 /* ShadowFunc */ = {
			isa = PBXGroup;
			children = (
				80554C2F29FD59D900F04AF1 /* ShadowFunc.swift */,
			);
			path = ShadowFunc;
			sourceTree = "<group>";
		};
		8075A0AA2A0A21FE0075B141 /* ErrorHandlingFunc */ = {
			isa = PBXGroup;
			children = (
				8075A0A82A0A21F60075B141 /* ErrorHandlingFunc.swift */,
			);
			path = ErrorHandlingFunc;
			sourceTree = "<group>";
		};
		8094CA1728EDC65500E70F76 = {
			isa = PBXGroup;
			children = (
				8094CA2228EDC65500E70F76 /* NostelgiAlbum */,
				8094CA3928EDC65900E70F76 /* NostelgiAlbumTests */,
				8094CA4328EDC65900E70F76 /* NostelgiAlbumUITests */,
				8094CA2128EDC65500E70F76 /* Products */,
				6C221F8D594D7C5B1A9DAF84 /* Pods */,
				FECECB9A8ECAB2BAC00F6319 /* Frameworks */,
			);
			sourceTree = "<group>";
		};
		8094CA2128EDC65500E70F76 /* Products */ = {
			isa = PBXGroup;
			children = (
				8094CA2028EDC65500E70F76 /* NostelgiAlbum.app */,
				8094CA3628EDC65900E70F76 /* NostelgiAlbumTests.xctest */,
				8094CA4028EDC65900E70F76 /* NostelgiAlbumUITests.xctest */,
			);
			name = Products;
			sourceTree = "<group>";
		};
		8094CA2228EDC65500E70F76 /* NostelgiAlbum */ = {
			isa = PBXGroup;
			children = (
				831A051F297A9B6E009D26A0 /* Model */,
				80DFA70D2A109B6C00499061 /* Network */,
				80C8C86F29DE947E00A9F01F /* Supporting Files */,
				831A0520297A9B7A009D26A0 /* HomeScreenViewController */,
				831A0522297A9BD7009D26A0 /* AlbumScreenViewController */,
				80AE5D022A1769910066743D /* Function */,
				8094CA3128EDC65900E70F76 /* Info.plist */,
				80D80B5029ED78F7009612FA /* NostelgiAlbum.entitlements */,
			);
			path = NostelgiAlbum;
			sourceTree = "<group>";
		};
		8094CA3928EDC65900E70F76 /* NostelgiAlbumTests */ = {
			isa = PBXGroup;
			children = (
				8094CA3A28EDC65900E70F76 /* NostelgiAlbumTests.swift */,
			);
			path = NostelgiAlbumTests;
			sourceTree = "<group>";
		};
		8094CA4328EDC65900E70F76 /* NostelgiAlbumUITests */ = {
			isa = PBXGroup;
			children = (
				8094CA4428EDC65900E70F76 /* NostelgiAlbumUITests.swift */,
				8094CA4628EDC65900E70F76 /* NostelgiAlbumUITestsLaunchTests.swift */,
			);
			path = NostelgiAlbumUITests;
			sourceTree = "<group>";
		};
		80AE5D002A17695C0066743D /* Share */ = {
			isa = PBXGroup;
			children = (
				83C615C7298B978D0018BBAF /* ShareViewController.swift */,
				80A6D644299A0BE600B2D657 /* ShareFunc.swift */,
				831E744729A5286400D48D5C /* AlbumRenameViewController.swift */,
			);
			path = Share;
			sourceTree = "<group>";
		};
		80AE5D012A17696A0066743D /* Information */ = {
			isa = PBXGroup;
			children = (
				8080200D29E18B9700CECCB8 /* InfoViewController.swift */,
				807FF50029260656005D9884 /* InfoTableViewCell.swift */,
			);
			path = Information;
			sourceTree = "<group>";
		};
		80AE5D022A1769910066743D /* Function */ = {
			isa = PBXGroup;
			children = (
				831A0525297A9BFE009D26A0 /* ImageFunc */,
				80D580E529F79BC400EF65C9 /* ThemeFunc */,
				80554C2E29FD599C00F04AF1 /* ShadowFunc */,
				8075A0AA2A0A21FE0075B141 /* ErrorHandlingFunc */,
			);
			path = Function;
			sourceTree = "<group>";
		};
		80C8C86F29DE947E00A9F01F /* Supporting Files */ = {
			isa = PBXGroup;
			children = (
				8094CA2928EDC65500E70F76 /* Main.storyboard */,
				8094CA2E28EDC65900E70F76 /* LaunchScreen.storyboard */,
				804F7D662A12526B000E40B3 /* LaunchScreen_ver3.png */,
				8094CA2328EDC65500E70F76 /* AppDelegate.swift */,
				8094CA2C28EDC65900E70F76 /* Assets.xcassets */,
				80D580F329FBFEDD00EF65C9 /* Fonts */,
			);
			path = "Supporting Files";
			sourceTree = "<group>";
		};
		80D580E529F79BC400EF65C9 /* ThemeFunc */ = {
			isa = PBXGroup;
			children = (
				80D580E629F79BFD00EF65C9 /* ThemeColorFunc.swift */,
				80D580E829F79C9E00EF65C9 /* ThemeColorSet.swift */,
			);
			path = ThemeFunc;
			sourceTree = "<group>";
		};
		80D580EE29FBDDD700EF65C9 /* Setting */ = {
			isa = PBXGroup;
			children = (
				8026146D29F785AD00CB9543 /* SettingViewController.swift */,
				80D580EA29FBB4DE00EF65C9 /* SettingTableViewCell.swift */,
				80D580EC29FBDDCC00EF65C9 /* FontSettingViewController.swift */,
				80D580EF29FBFCD600EF65C9 /* FontSettingTableViewCell.swift */,
				80263E4B29FCC8C300C74F69 /* FirstPageSettingViewController.swift */,
				80263E4D29FCCC6500C74F69 /* FirstPageSettingTableViewCell.swift */,
			);
			path = Setting;
			sourceTree = "<group>";
		};
		80D580F329FBFEDD00EF65C9 /* Fonts */ = {
			isa = PBXGroup;
			children = (
				80D5810D29FC37AB00EF65C9 /* EF_watermelonSalad.otf */,
				80D5811029FC37B600EF65C9 /* GmarketSansBold.otf */,
				80D5810F29FC37B600EF65C9 /* GmarketSansLight.otf */,
				80D5811129FC37B600EF65C9 /* GmarketSansMedium.otf */,
				80D5811629FC37C000EF65C9 /* PyeongChangPeace-Bold.otf */,
				80D5811529FC37C000EF65C9 /* PyeongChangPeace-Light.otf */,
			);
			path = Fonts;
			sourceTree = "<group>";
		};
		80D5810229FC1C4900EF65C9 /* FontFunc */ = {
			isa = PBXGroup;
			children = (
				80D5810029FC1BD800EF65C9 /* FontFunc.swift */,
				80D580F129FBFD6F00EF65C9 /* FontSet.swift */,
			);
			path = FontFunc;
			sourceTree = "<group>";
		};
		80DFA70D2A109B6C00499061 /* Network */ = {
			isa = PBXGroup;
			children = (
				80DFA70E2A109BA100499061 /* Networking.swift */,
			);
			path = Network;
			sourceTree = "<group>";
		};
		831A051F297A9B6E009D26A0 /* Model */ = {
			isa = PBXGroup;
			children = (
				807A193B29312CEE00BC434B /* RealmClassFunc.swift */,
			);
			path = Model;
			sourceTree = "<group>";
		};
		831A0520297A9B7A009D26A0 /* HomeScreenViewController */ = {
			isa = PBXGroup;
			children = (
				8002F65228EE905B00E9913D /* HomeScreenViewController.swift */,
				80C56D17298CE5360063688F /* HomeScreenViewController+CollectionView.swift */,
				8002F65428EE9D1800E9913D /* HomeScreenCollectionViewCell.swift */,
				8092C3A4298CF1AA007FFEF3 /* CollectionView+ButtonAction.swift */,
				83C615F0298EBB010018BBAF /* SharingAlbumPush.swift */,
				831A0521297A9BCA009D26A0 /* HomeDetailController */,
			);
			path = HomeScreenViewController;
			sourceTree = "<group>";
		};
		831A0521297A9BCA009D26A0 /* HomeDetailController */ = {
			isa = PBXGroup;
			children = (
				806A653D293873C80054FAEF /* HomeEditViewController.swift */,
				8092C3A2298CE6F0007FFEF3 /* HomeEditViewController+ButtonAction.swift */,
				80FE482629B0832000FD0D6A /* SetAlbumNameViewController.swift */,
				8026146F29F78B5200CB9543 /* HomeSettingViewController.swift */,
				8006D02129ED528300389292 /* HomeiCloudSettingViewController.swift */,
				8028413A2A0F9B9600E1CE29 /* LoadingViewController.swift */,
			);
			path = HomeDetailController;
			sourceTree = "<group>";
		};
		831A0522297A9BD7009D26A0 /* AlbumScreenViewController */ = {
			isa = PBXGroup;
			children = (
				8020034A290FBB9200FCD54F /* AlbumScreenViewController.swift */,
				831E7443299A724900D48D5C /* AlbumScreenViewGesture.swift */,
				831E7445299A7BDF00D48D5C /* AlbumDelegate+Layout.swift */,
				80DF50AD290FBF80009EE336 /* AlbumScreenCollectionViewCell.swift */,
				83C615F529994CE30018BBAF /* ToolBarButtonAction.swift */,
				831A0523297A9BE7009D26A0 /* AlbumDetailController */,
				831A0524297A9BF3009D26A0 /* ToolBarController */,
				80D5810229FC1C4900EF65C9 /* FontFunc */,
			);
			path = AlbumScreenViewController;
			sourceTree = "<group>";
		};
		831A0523297A9BE7009D26A0 /* AlbumDetailController */ = {
			isa = PBXGroup;
			children = (
				8320291E295EA8E2001709E9 /* AlbumEditViewController.swift */,
				8080200F29E3F4C800CECCB8 /* SetPictureNameViewController.swift */,
				8080201129E3F4D300CECCB8 /* SetPictureDescriptionViewController.swift */,
				80C8C86B29DE92C300A9F01F /* AlbumEditViewController+ButtonAction.swift */,
				80C8C86D29DE935700A9F01F /* PickerImageController+CropViewController.swift */,
				831A04D7295EBDCA009D26A0 /* AlbumPicViewController.swift */,
				831A04D9295EC04C009D26A0 /* ImageViewController.swift */,
			);
			path = AlbumDetailController;
			sourceTree = "<group>";
		};
		831A0524297A9BF3009D26A0 /* ToolBarController */ = {
			isa = PBXGroup;
			children = (
				83E5D2B729E85709001C7DE0 /* Search */,
				80AE5D002A17695C0066743D /* Share */,
				80D580EE29FBDDD700EF65C9 /* Setting */,
				80AE5D012A17696A0066743D /* Information */,
			);
			path = ToolBarController;
			sourceTree = "<group>";
		};
		831A0525297A9BFE009D26A0 /* ImageFunc */ = {
			isa = PBXGroup;
			children = (
				804C7E8D295835D200C63880 /* ImageFunc.swift */,
			);
			path = ImageFunc;
			sourceTree = "<group>";
		};
		83E5D2B729E85709001C7DE0 /* Search */ = {
			isa = PBXGroup;
			children = (
				83E5D2B929E858F2001C7DE0 /* ContentsSearch */,
				83E5D2B829E8573F001C7DE0 /* PageSearch */,
				83250E512A06A88E00035578 /* CustomLabel&CustomButton.swift */,
			);
			path = Search;
			sourceTree = "<group>";
		};
		83E5D2B829E8573F001C7DE0 /* PageSearch */ = {
			isa = PBXGroup;
			children = (
				83E5D2B129E80410001C7DE0 /* PageCells.swift */,
				83E5D2B029E80410001C7DE0 /* PageSearchViewController.swift */,
				83D13CED2A166EA60018C4AC /* PageDelegate+Layout.swift */,
			);
			path = PageSearch;
			sourceTree = "<group>";
		};
		83E5D2B929E858F2001C7DE0 /* ContentsSearch */ = {
			isa = PBXGroup;
			children = (
				83E5D2AD29E80410001C7DE0 /* ContentsSearchViewController.swift */,
				83E5D2AE29E80410001C7DE0 /* ContentsController.swift */,
				83E5D2AF29E80410001C7DE0 /* ContentsCells.swift */,
				83D13CE92A166D420018C4AC /* ContentsDelegate+Layout.swift */,
			);
			path = ContentsSearch;
			sourceTree = "<group>";
		};
		FECECB9A8ECAB2BAC00F6319 /* Frameworks */ = {
			isa = PBXGroup;
			children = (
				333B1EB0131BF7D37399E3F7 /* Pods_NostelgiAlbum.framework */,
				9012CEB3A508CA15AB036C93 /* Pods_NostelgiAlbum_NostelgiAlbumUITests.framework */,
				DD45D2E351EE192C1D87DB8D /* Pods_NostelgiAlbumTests.framework */,
			);
			name = Frameworks;
			sourceTree = "<group>";
		};
/* End PBXGroup section */

/* Begin PBXNativeTarget section */
		8094CA1F28EDC65500E70F76 /* NostelgiAlbum */ = {
			isa = PBXNativeTarget;
			buildConfigurationList = 8094CA4A28EDC65900E70F76 /* Build configuration list for PBXNativeTarget "NostelgiAlbum" */;
			buildPhases = (
				E28A8C0DE1DF1C1F91F8B84A /* [CP] Check Pods Manifest.lock */,
				8094CA1C28EDC65500E70F76 /* Sources */,
				8094CA1D28EDC65500E70F76 /* Frameworks */,
				8094CA1E28EDC65500E70F76 /* Resources */,
				1CD8F48525C514C013D1C903 /* [CP] Embed Pods Frameworks */,
			);
			buildRules = (
			);
			dependencies = (
			);
			name = NostelgiAlbum;
			productName = NostelgiAlbum;
			productReference = 8094CA2028EDC65500E70F76 /* NostelgiAlbum.app */;
			productType = "com.apple.product-type.application";
		};
		8094CA3528EDC65900E70F76 /* NostelgiAlbumTests */ = {
			isa = PBXNativeTarget;
			buildConfigurationList = 8094CA4D28EDC65900E70F76 /* Build configuration list for PBXNativeTarget "NostelgiAlbumTests" */;
			buildPhases = (
				A48282DD6F50277915745ADE /* [CP] Check Pods Manifest.lock */,
				8094CA3228EDC65900E70F76 /* Sources */,
				8094CA3328EDC65900E70F76 /* Frameworks */,
				8094CA3428EDC65900E70F76 /* Resources */,
			);
			buildRules = (
			);
			dependencies = (
				8094CA3828EDC65900E70F76 /* PBXTargetDependency */,
			);
			name = NostelgiAlbumTests;
			productName = NostelgiAlbumTests;
			productReference = 8094CA3628EDC65900E70F76 /* NostelgiAlbumTests.xctest */;
			productType = "com.apple.product-type.bundle.unit-test";
		};
		8094CA3F28EDC65900E70F76 /* NostelgiAlbumUITests */ = {
			isa = PBXNativeTarget;
			buildConfigurationList = 8094CA5028EDC65900E70F76 /* Build configuration list for PBXNativeTarget "NostelgiAlbumUITests" */;
			buildPhases = (
				A52AF3AC3F19CDEA0795F10D /* [CP] Check Pods Manifest.lock */,
				8094CA3C28EDC65900E70F76 /* Sources */,
				8094CA3D28EDC65900E70F76 /* Frameworks */,
				8094CA3E28EDC65900E70F76 /* Resources */,
				EB227F7EB62AD22DD1C38D29 /* [CP] Embed Pods Frameworks */,
			);
			buildRules = (
			);
			dependencies = (
				8094CA4228EDC65900E70F76 /* PBXTargetDependency */,
			);
			name = NostelgiAlbumUITests;
			productName = NostelgiAlbumUITests;
			productReference = 8094CA4028EDC65900E70F76 /* NostelgiAlbumUITests.xctest */;
			productType = "com.apple.product-type.bundle.ui-testing";
		};
/* End PBXNativeTarget section */

/* Begin PBXProject section */
		8094CA1828EDC65500E70F76 /* Project object */ = {
			isa = PBXProject;
			attributes = {
				BuildIndependentTargetsInParallel = 1;
				LastSwiftUpdateCheck = 1340;
				LastUpgradeCheck = 1340;
				TargetAttributes = {
					8094CA1F28EDC65500E70F76 = {
						CreatedOnToolsVersion = 13.4.1;
					};
					8094CA3528EDC65900E70F76 = {
						CreatedOnToolsVersion = 13.4.1;
						TestTargetID = 8094CA1F28EDC65500E70F76;
					};
					8094CA3F28EDC65900E70F76 = {
						CreatedOnToolsVersion = 13.4.1;
						TestTargetID = 8094CA1F28EDC65500E70F76;
					};
				};
			};
			buildConfigurationList = 8094CA1B28EDC65500E70F76 /* Build configuration list for PBXProject "NostelgiAlbum" */;
			compatibilityVersion = "Xcode 13.0";
			developmentRegion = en;
			hasScannedForEncodings = 0;
			knownRegions = (
				en,
				Base,
			);
			mainGroup = 8094CA1728EDC65500E70F76;
			productRefGroup = 8094CA2128EDC65500E70F76 /* Products */;
			projectDirPath = "";
			projectRoot = "";
			targets = (
				8094CA1F28EDC65500E70F76 /* NostelgiAlbum */,
				8094CA3528EDC65900E70F76 /* NostelgiAlbumTests */,
				8094CA3F28EDC65900E70F76 /* NostelgiAlbumUITests */,
			);
		};
/* End PBXProject section */

/* Begin PBXResourcesBuildPhase section */
		8094CA1E28EDC65500E70F76 /* Resources */ = {
			isa = PBXResourcesBuildPhase;
			buildActionMask = 2147483647;
			files = (
				8094CA3028EDC65900E70F76 /* LaunchScreen.storyboard in Resources */,
				80D5811329FC37B600EF65C9 /* GmarketSansBold.otf in Resources */,
				804F7D672A12526B000E40B3 /* LaunchScreen_ver3.png in Resources */,
				80D5811229FC37B600EF65C9 /* GmarketSansLight.otf in Resources */,
				80D5811829FC37C000EF65C9 /* PyeongChangPeace-Bold.otf in Resources */,
				80D5810E29FC37AB00EF65C9 /* EF_watermelonSalad.otf in Resources */,
				80D5811429FC37B600EF65C9 /* GmarketSansMedium.otf in Resources */,
				8094CA2B28EDC65500E70F76 /* Main.storyboard in Resources */,
				80D58CDD2A121FB9001033C5 /* Assets.xcassets in Resources */,
				80D5811729FC37C000EF65C9 /* PyeongChangPeace-Light.otf in Resources */,
			);
			runOnlyForDeploymentPostprocessing = 0;
		};
		8094CA3428EDC65900E70F76 /* Resources */ = {
			isa = PBXResourcesBuildPhase;
			buildActionMask = 2147483647;
			files = (
			);
			runOnlyForDeploymentPostprocessing = 0;
		};
		8094CA3E28EDC65900E70F76 /* Resources */ = {
			isa = PBXResourcesBuildPhase;
			buildActionMask = 2147483647;
			files = (
			);
			runOnlyForDeploymentPostprocessing = 0;
		};
/* End PBXResourcesBuildPhase section */

/* Begin PBXShellScriptBuildPhase section */
		1CD8F48525C514C013D1C903 /* [CP] Embed Pods Frameworks */ = {
			isa = PBXShellScriptBuildPhase;
			buildActionMask = 2147483647;
			files = (
			);
			inputFileListPaths = (
				"${PODS_ROOT}/Target Support Files/Pods-NostelgiAlbum/Pods-NostelgiAlbum-frameworks-${CONFIGURATION}-input-files.xcfilelist",
			);
			name = "[CP] Embed Pods Frameworks";
			outputFileListPaths = (
				"${PODS_ROOT}/Target Support Files/Pods-NostelgiAlbum/Pods-NostelgiAlbum-frameworks-${CONFIGURATION}-output-files.xcfilelist",
			);
			runOnlyForDeploymentPostprocessing = 0;
			shellPath = /bin/sh;
			shellScript = "\"${PODS_ROOT}/Target Support Files/Pods-NostelgiAlbum/Pods-NostelgiAlbum-frameworks.sh\"\n";
			showEnvVarsInLog = 0;
		};
		A48282DD6F50277915745ADE /* [CP] Check Pods Manifest.lock */ = {
			isa = PBXShellScriptBuildPhase;
			buildActionMask = 2147483647;
			files = (
			);
			inputFileListPaths = (
			);
			inputPaths = (
				"${PODS_PODFILE_DIR_PATH}/Podfile.lock",
				"${PODS_ROOT}/Manifest.lock",
			);
			name = "[CP] Check Pods Manifest.lock";
			outputFileListPaths = (
			);
			outputPaths = (
				"$(DERIVED_FILE_DIR)/Pods-NostelgiAlbumTests-checkManifestLockResult.txt",
			);
			runOnlyForDeploymentPostprocessing = 0;
			shellPath = /bin/sh;
			shellScript = "diff \"${PODS_PODFILE_DIR_PATH}/Podfile.lock\" \"${PODS_ROOT}/Manifest.lock\" > /dev/null\nif [ $? != 0 ] ; then\n    # print error to STDERR\n    echo \"error: The sandbox is not in sync with the Podfile.lock. Run 'pod install' or update your CocoaPods installation.\" >&2\n    exit 1\nfi\n# This output is used by Xcode 'outputs' to avoid re-running this script phase.\necho \"SUCCESS\" > \"${SCRIPT_OUTPUT_FILE_0}\"\n";
			showEnvVarsInLog = 0;
		};
		A52AF3AC3F19CDEA0795F10D /* [CP] Check Pods Manifest.lock */ = {
			isa = PBXShellScriptBuildPhase;
			buildActionMask = 2147483647;
			files = (
			);
			inputFileListPaths = (
			);
			inputPaths = (
				"${PODS_PODFILE_DIR_PATH}/Podfile.lock",
				"${PODS_ROOT}/Manifest.lock",
			);
			name = "[CP] Check Pods Manifest.lock";
			outputFileListPaths = (
			);
			outputPaths = (
				"$(DERIVED_FILE_DIR)/Pods-NostelgiAlbum-NostelgiAlbumUITests-checkManifestLockResult.txt",
			);
			runOnlyForDeploymentPostprocessing = 0;
			shellPath = /bin/sh;
			shellScript = "diff \"${PODS_PODFILE_DIR_PATH}/Podfile.lock\" \"${PODS_ROOT}/Manifest.lock\" > /dev/null\nif [ $? != 0 ] ; then\n    # print error to STDERR\n    echo \"error: The sandbox is not in sync with the Podfile.lock. Run 'pod install' or update your CocoaPods installation.\" >&2\n    exit 1\nfi\n# This output is used by Xcode 'outputs' to avoid re-running this script phase.\necho \"SUCCESS\" > \"${SCRIPT_OUTPUT_FILE_0}\"\n";
			showEnvVarsInLog = 0;
		};
		E28A8C0DE1DF1C1F91F8B84A /* [CP] Check Pods Manifest.lock */ = {
			isa = PBXShellScriptBuildPhase;
			buildActionMask = 2147483647;
			files = (
			);
			inputFileListPaths = (
			);
			inputPaths = (
				"${PODS_PODFILE_DIR_PATH}/Podfile.lock",
				"${PODS_ROOT}/Manifest.lock",
			);
			name = "[CP] Check Pods Manifest.lock";
			outputFileListPaths = (
			);
			outputPaths = (
				"$(DERIVED_FILE_DIR)/Pods-NostelgiAlbum-checkManifestLockResult.txt",
			);
			runOnlyForDeploymentPostprocessing = 0;
			shellPath = /bin/sh;
			shellScript = "diff \"${PODS_PODFILE_DIR_PATH}/Podfile.lock\" \"${PODS_ROOT}/Manifest.lock\" > /dev/null\nif [ $? != 0 ] ; then\n    # print error to STDERR\n    echo \"error: The sandbox is not in sync with the Podfile.lock. Run 'pod install' or update your CocoaPods installation.\" >&2\n    exit 1\nfi\n# This output is used by Xcode 'outputs' to avoid re-running this script phase.\necho \"SUCCESS\" > \"${SCRIPT_OUTPUT_FILE_0}\"\n";
			showEnvVarsInLog = 0;
		};
		EB227F7EB62AD22DD1C38D29 /* [CP] Embed Pods Frameworks */ = {
			isa = PBXShellScriptBuildPhase;
			buildActionMask = 2147483647;
			files = (
			);
			inputFileListPaths = (
				"${PODS_ROOT}/Target Support Files/Pods-NostelgiAlbum-NostelgiAlbumUITests/Pods-NostelgiAlbum-NostelgiAlbumUITests-frameworks-${CONFIGURATION}-input-files.xcfilelist",
			);
			name = "[CP] Embed Pods Frameworks";
			outputFileListPaths = (
				"${PODS_ROOT}/Target Support Files/Pods-NostelgiAlbum-NostelgiAlbumUITests/Pods-NostelgiAlbum-NostelgiAlbumUITests-frameworks-${CONFIGURATION}-output-files.xcfilelist",
			);
			runOnlyForDeploymentPostprocessing = 0;
			shellPath = /bin/sh;
			shellScript = "\"${PODS_ROOT}/Target Support Files/Pods-NostelgiAlbum-NostelgiAlbumUITests/Pods-NostelgiAlbum-NostelgiAlbumUITests-frameworks.sh\"\n";
			showEnvVarsInLog = 0;
		};
/* End PBXShellScriptBuildPhase section */

/* Begin PBXSourcesBuildPhase section */
		8094CA1C28EDC65500E70F76 /* Sources */ = {
			isa = PBXSourcesBuildPhase;
			buildActionMask = 2147483647;
			files = (
				831E744829A5286400D48D5C /* AlbumRenameViewController.swift in Sources */,
				83250E522A06A88E00035578 /* CustomLabel&CustomButton.swift in Sources */,
				83C615F1298EBB010018BBAF /* SharingAlbumPush.swift in Sources */,
				831E7444299A724900D48D5C /* AlbumScreenViewGesture.swift in Sources */,
				83E5D2B529E80410001C7DE0 /* PageSearchViewController.swift in Sources */,
				80C8C86C29DE92C300A9F01F /* AlbumEditViewController+ButtonAction.swift in Sources */,
				80C8C86E29DE935700A9F01F /* PickerImageController+CropViewController.swift in Sources */,
				83E5D2B329E80410001C7DE0 /* ContentsController.swift in Sources */,
				8020034B290FBB9200FCD54F /* AlbumScreenViewController.swift in Sources */,
				80FE482729B0832000FD0D6A /* SetAlbumNameViewController.swift in Sources */,
				8028413B2A0F9B9600E1CE29 /* LoadingViewController.swift in Sources */,
				831A04D8295EBDCA009D26A0 /* AlbumPicViewController.swift in Sources */,
				80C56D18298CE5360063688F /* HomeScreenViewController+CollectionView.swift in Sources */,
				804C7E8E295835D200C63880 /* ImageFunc.swift in Sources */,
				8080201029E3F4C800CECCB8 /* SetPictureNameViewController.swift in Sources */,
				80D580E729F79BFD00EF65C9 /* ThemeColorFunc.swift in Sources */,
				83E5D2B429E80410001C7DE0 /* ContentsCells.swift in Sources */,
				80D580F229FBFD6F00EF65C9 /* FontSet.swift in Sources */,
				807FF50129260656005D9884 /* InfoTableViewCell.swift in Sources */,
				8080201229E3F4D300CECCB8 /* SetPictureDescriptionViewController.swift in Sources */,
				83E5D2B229E80410001C7DE0 /* ContentsSearchViewController.swift in Sources */,
				80DFA70F2A109BA100499061 /* Networking.swift in Sources */,
				80D5810129FC1BD800EF65C9 /* FontFunc.swift in Sources */,
				8026146E29F785AD00CB9543 /* SettingViewController.swift in Sources */,
				80263E4E29FCCC6500C74F69 /* FirstPageSettingTableViewCell.swift in Sources */,
				83D13CEA2A166D420018C4AC /* ContentsDelegate+Layout.swift in Sources */,
				831E7446299A7BDF00D48D5C /* AlbumDelegate+Layout.swift in Sources */,
				80554C3029FD59D900F04AF1 /* ShadowFunc.swift in Sources */,
				8002F65328EE905B00E9913D /* HomeScreenViewController.swift in Sources */,
				8075A0A92A0A21F60075B141 /* ErrorHandlingFunc.swift in Sources */,
				8002F65528EE9D1800E9913D /* HomeScreenCollectionViewCell.swift in Sources */,
				80263E4C29FCC8C300C74F69 /* FirstPageSettingViewController.swift in Sources */,
				8006D02229ED528300389292 /* HomeiCloudSettingViewController.swift in Sources */,
				80D580EB29FBB4DE00EF65C9 /* SettingTableViewCell.swift in Sources */,
				80A6D645299A0BE600B2D657 /* ShareFunc.swift in Sources */,
				83C615C8298B978D0018BBAF /* ShareViewController.swift in Sources */,
				8094CA2428EDC65500E70F76 /* AppDelegate.swift in Sources */,
				8092C3A5298CF1AA007FFEF3 /* CollectionView+ButtonAction.swift in Sources */,
				80D580E929F79C9E00EF65C9 /* ThemeColorSet.swift in Sources */,
				831A04DA295EC04C009D26A0 /* ImageViewController.swift in Sources */,
				80D580ED29FBDDCC00EF65C9 /* FontSettingViewController.swift in Sources */,
				80DF50AE290FBF80009EE336 /* AlbumScreenCollectionViewCell.swift in Sources */,
				80D580F029FBFCD600EF65C9 /* FontSettingTableViewCell.swift in Sources */,
				806A653E293873C80054FAEF /* HomeEditViewController.swift in Sources */,
				8026147029F78B5200CB9543 /* HomeSettingViewController.swift in Sources */,
				83D13CEE2A166EA60018C4AC /* PageDelegate+Layout.swift in Sources */,
				8320291F295EA8E2001709E9 /* AlbumEditViewController.swift in Sources */,
				8092C3A3298CE6F0007FFEF3 /* HomeEditViewController+ButtonAction.swift in Sources */,
				83C615F629994CE30018BBAF /* ToolBarButtonAction.swift in Sources */,
				807A193C29312CEF00BC434B /* RealmClassFunc.swift in Sources */,
				83E5D2B629E80410001C7DE0 /* PageCells.swift in Sources */,
				8080200E29E18B9700CECCB8 /* InfoViewController.swift in Sources */,
			);
			runOnlyForDeploymentPostprocessing = 0;
		};
		8094CA3228EDC65900E70F76 /* Sources */ = {
			isa = PBXSourcesBuildPhase;
			buildActionMask = 2147483647;
			files = (
				8094CA3B28EDC65900E70F76 /* NostelgiAlbumTests.swift in Sources */,
			);
			runOnlyForDeploymentPostprocessing = 0;
		};
		8094CA3C28EDC65900E70F76 /* Sources */ = {
			isa = PBXSourcesBuildPhase;
			buildActionMask = 2147483647;
			files = (
				8094CA4528EDC65900E70F76 /* NostelgiAlbumUITests.swift in Sources */,
				8094CA4728EDC65900E70F76 /* NostelgiAlbumUITestsLaunchTests.swift in Sources */,
			);
			runOnlyForDeploymentPostprocessing = 0;
		};
/* End PBXSourcesBuildPhase section */

/* Begin PBXTargetDependency section */
		8094CA3828EDC65900E70F76 /* PBXTargetDependency */ = {
			isa = PBXTargetDependency;
			target = 8094CA1F28EDC65500E70F76 /* NostelgiAlbum */;
			targetProxy = 8094CA3728EDC65900E70F76 /* PBXContainerItemProxy */;
		};
		8094CA4228EDC65900E70F76 /* PBXTargetDependency */ = {
			isa = PBXTargetDependency;
			target = 8094CA1F28EDC65500E70F76 /* NostelgiAlbum */;
			targetProxy = 8094CA4128EDC65900E70F76 /* PBXContainerItemProxy */;
		};
/* End PBXTargetDependency section */

/* Begin PBXVariantGroup section */
		8094CA2928EDC65500E70F76 /* Main.storyboard */ = {
			isa = PBXVariantGroup;
			children = (
				8094CA2A28EDC65500E70F76 /* Base */,
			);
			name = Main.storyboard;
			sourceTree = "<group>";
		};
		8094CA2E28EDC65900E70F76 /* LaunchScreen.storyboard */ = {
			isa = PBXVariantGroup;
			children = (
				8094CA2F28EDC65900E70F76 /* Base */,
			);
			name = LaunchScreen.storyboard;
			sourceTree = "<group>";
		};
/* End PBXVariantGroup section */

/* Begin XCBuildConfiguration section */
		8094CA4828EDC65900E70F76 /* Debug */ = {
			isa = XCBuildConfiguration;
			buildSettings = {
				ALWAYS_SEARCH_USER_PATHS = NO;
				CLANG_ANALYZER_NONNULL = YES;
				CLANG_ANALYZER_NUMBER_OBJECT_CONVERSION = YES_AGGRESSIVE;
				CLANG_CXX_LANGUAGE_STANDARD = "gnu++17";
				CLANG_ENABLE_MODULES = YES;
				CLANG_ENABLE_OBJC_ARC = YES;
				CLANG_ENABLE_OBJC_WEAK = YES;
				CLANG_WARN_BLOCK_CAPTURE_AUTORELEASING = YES;
				CLANG_WARN_BOOL_CONVERSION = YES;
				CLANG_WARN_COMMA = YES;
				CLANG_WARN_CONSTANT_CONVERSION = YES;
				CLANG_WARN_DEPRECATED_OBJC_IMPLEMENTATIONS = YES;
				CLANG_WARN_DIRECT_OBJC_ISA_USAGE = YES_ERROR;
				CLANG_WARN_DOCUMENTATION_COMMENTS = YES;
				CLANG_WARN_EMPTY_BODY = YES;
				CLANG_WARN_ENUM_CONVERSION = YES;
				CLANG_WARN_INFINITE_RECURSION = YES;
				CLANG_WARN_INT_CONVERSION = YES;
				CLANG_WARN_NON_LITERAL_NULL_CONVERSION = YES;
				CLANG_WARN_OBJC_IMPLICIT_RETAIN_SELF = YES;
				CLANG_WARN_OBJC_LITERAL_CONVERSION = YES;
				CLANG_WARN_OBJC_ROOT_CLASS = YES_ERROR;
				CLANG_WARN_QUOTED_INCLUDE_IN_FRAMEWORK_HEADER = YES;
				CLANG_WARN_RANGE_LOOP_ANALYSIS = YES;
				CLANG_WARN_STRICT_PROTOTYPES = YES;
				CLANG_WARN_SUSPICIOUS_MOVE = YES;
				CLANG_WARN_UNGUARDED_AVAILABILITY = YES_AGGRESSIVE;
				CLANG_WARN_UNREACHABLE_CODE = YES;
				CLANG_WARN__DUPLICATE_METHOD_MATCH = YES;
				COPY_PHASE_STRIP = NO;
				DEBUG_INFORMATION_FORMAT = dwarf;
				ENABLE_STRICT_OBJC_MSGSEND = YES;
				ENABLE_TESTABILITY = YES;
				GCC_C_LANGUAGE_STANDARD = gnu11;
				GCC_DYNAMIC_NO_PIC = NO;
				GCC_NO_COMMON_BLOCKS = YES;
				GCC_OPTIMIZATION_LEVEL = 0;
				GCC_PREPROCESSOR_DEFINITIONS = (
					"DEBUG=1",
					"$(inherited)",
				);
				GCC_WARN_64_TO_32_BIT_CONVERSION = YES;
				GCC_WARN_ABOUT_RETURN_TYPE = YES_ERROR;
				GCC_WARN_UNDECLARED_SELECTOR = YES;
				GCC_WARN_UNINITIALIZED_AUTOS = YES_AGGRESSIVE;
				GCC_WARN_UNUSED_FUNCTION = YES;
				GCC_WARN_UNUSED_VARIABLE = YES;
				IPHONEOS_DEPLOYMENT_TARGET = 16.1;
				MTL_ENABLE_DEBUG_INFO = INCLUDE_SOURCE;
				MTL_FAST_MATH = YES;
				ONLY_ACTIVE_ARCH = YES;
				SDKROOT = iphoneos;
				SWIFT_ACTIVE_COMPILATION_CONDITIONS = DEBUG;
				SWIFT_OPTIMIZATION_LEVEL = "-Onone";
			};
			name = Debug;
		};
		8094CA4928EDC65900E70F76 /* Release */ = {
			isa = XCBuildConfiguration;
			buildSettings = {
				ALWAYS_SEARCH_USER_PATHS = NO;
				CLANG_ANALYZER_NONNULL = YES;
				CLANG_ANALYZER_NUMBER_OBJECT_CONVERSION = YES_AGGRESSIVE;
				CLANG_CXX_LANGUAGE_STANDARD = "gnu++17";
				CLANG_ENABLE_MODULES = YES;
				CLANG_ENABLE_OBJC_ARC = YES;
				CLANG_ENABLE_OBJC_WEAK = YES;
				CLANG_WARN_BLOCK_CAPTURE_AUTORELEASING = YES;
				CLANG_WARN_BOOL_CONVERSION = YES;
				CLANG_WARN_COMMA = YES;
				CLANG_WARN_CONSTANT_CONVERSION = YES;
				CLANG_WARN_DEPRECATED_OBJC_IMPLEMENTATIONS = YES;
				CLANG_WARN_DIRECT_OBJC_ISA_USAGE = YES_ERROR;
				CLANG_WARN_DOCUMENTATION_COMMENTS = YES;
				CLANG_WARN_EMPTY_BODY = YES;
				CLANG_WARN_ENUM_CONVERSION = YES;
				CLANG_WARN_INFINITE_RECURSION = YES;
				CLANG_WARN_INT_CONVERSION = YES;
				CLANG_WARN_NON_LITERAL_NULL_CONVERSION = YES;
				CLANG_WARN_OBJC_IMPLICIT_RETAIN_SELF = YES;
				CLANG_WARN_OBJC_LITERAL_CONVERSION = YES;
				CLANG_WARN_OBJC_ROOT_CLASS = YES_ERROR;
				CLANG_WARN_QUOTED_INCLUDE_IN_FRAMEWORK_HEADER = YES;
				CLANG_WARN_RANGE_LOOP_ANALYSIS = YES;
				CLANG_WARN_STRICT_PROTOTYPES = YES;
				CLANG_WARN_SUSPICIOUS_MOVE = YES;
				CLANG_WARN_UNGUARDED_AVAILABILITY = YES_AGGRESSIVE;
				CLANG_WARN_UNREACHABLE_CODE = YES;
				CLANG_WARN__DUPLICATE_METHOD_MATCH = YES;
				COPY_PHASE_STRIP = NO;
				DEBUG_INFORMATION_FORMAT = "dwarf-with-dsym";
				ENABLE_NS_ASSERTIONS = NO;
				ENABLE_STRICT_OBJC_MSGSEND = YES;
				GCC_C_LANGUAGE_STANDARD = gnu11;
				GCC_NO_COMMON_BLOCKS = YES;
				GCC_WARN_64_TO_32_BIT_CONVERSION = YES;
				GCC_WARN_ABOUT_RETURN_TYPE = YES_ERROR;
				GCC_WARN_UNDECLARED_SELECTOR = YES;
				GCC_WARN_UNINITIALIZED_AUTOS = YES_AGGRESSIVE;
				GCC_WARN_UNUSED_FUNCTION = YES;
				GCC_WARN_UNUSED_VARIABLE = YES;
				IPHONEOS_DEPLOYMENT_TARGET = 16.1;
				MTL_ENABLE_DEBUG_INFO = NO;
				MTL_FAST_MATH = YES;
				SDKROOT = iphoneos;
				SWIFT_COMPILATION_MODE = wholemodule;
				SWIFT_OPTIMIZATION_LEVEL = "-O";
				VALIDATE_PRODUCT = YES;
			};
			name = Release;
		};
		8094CA4B28EDC65900E70F76 /* Debug */ = {
			isa = XCBuildConfiguration;
			baseConfigurationReference = 4C8290A5F6ED840AD5B917C9 /* Pods-NostelgiAlbum.debug.xcconfig */;
			buildSettings = {
				ASSETCATALOG_COMPILER_APPICON_NAME = AppIcon;
				ASSETCATALOG_COMPILER_GLOBAL_ACCENT_COLOR_NAME = AccentColor;
				ASSETCATALOG_COMPILER_INCLUDE_ALL_APPICON_ASSETS = YES;
				CODE_SIGN_ENTITLEMENTS = NostelgiAlbum/NostelgiAlbum.entitlements;
				CODE_SIGN_IDENTITY = "Apple Development";
				CODE_SIGN_STYLE = Automatic;
				CURRENT_PROJECT_VERSION = 1;
				DEVELOPMENT_TEAM = 8A6XY8WY2J;
				GENERATE_INFOPLIST_FILE = YES;
				INFOPLIST_FILE = NostelgiAlbum/Info.plist;
				INFOPLIST_KEY_CFBundleDisplayName = NostelgiAlbum;
				INFOPLIST_KEY_NSCameraUsageDescription = "앱에서 카메라를 사용하기 위해 카메라 접근 권한을 허용해주세요. 카메라를 통해 앱에 등록한 사진은 디바이스에만 저장됩니다.";
				INFOPLIST_KEY_NSPhotoLibraryAddUsageDescription = "앱에서 앨범을 사용하기 위해 앨범 접근 권한을 허용해주세요. 앨범을 통해 앱에 등록한 사진은 디바이스에만 저장됩니다.";
				INFOPLIST_KEY_NSPhotoLibraryUsageDescription = "앱에서 앨범을 사용하기 위해 앨범 접근 권한을 허용해주세요. 앨범을 통해 앱에 등록한 사진은 디바이스에만 저장됩니다.";
				INFOPLIST_KEY_UIApplicationSupportsIndirectInputEvents = YES;
				INFOPLIST_KEY_UILaunchStoryboardName = LaunchScreen.storyboard;
				INFOPLIST_KEY_UIMainStoryboardFile = Main;
				INFOPLIST_KEY_UISupportedInterfaceOrientations_iPad = "UIInterfaceOrientationPortrait UIInterfaceOrientationPortraitUpsideDown UIInterfaceOrientationLandscapeLeft UIInterfaceOrientationLandscapeRight";
				INFOPLIST_KEY_UISupportedInterfaceOrientations_iPhone = "UIInterfaceOrientationPortrait UIInterfaceOrientationLandscapeLeft UIInterfaceOrientationLandscapeRight";
				IPHONEOS_DEPLOYMENT_TARGET = 16.1;
				LD_RUNPATH_SEARCH_PATHS = (
					"$(inherited)",
					"@executable_path/Frameworks",
				);
				MARKETING_VERSION = 1.0;
				PRODUCT_BUNDLE_IDENTIFIER = "com.App-in-App-le.NostelgiAlbum";
				PRODUCT_NAME = "$(TARGET_NAME)";
				PROVISIONING_PROFILE_SPECIFIER = "";
				SUPPORTED_PLATFORMS = "iphoneos iphonesimulator";
				SUPPORTS_MACCATALYST = NO;
				SUPPORTS_MAC_DESIGNED_FOR_IPHONE_IPAD = NO;
				SWIFT_EMIT_LOC_STRINGS = YES;
				SWIFT_VERSION = 5.0;
				TARGETED_DEVICE_FAMILY = 1;
			};
			name = Debug;
		};
		8094CA4C28EDC65900E70F76 /* Release */ = {
			isa = XCBuildConfiguration;
			baseConfigurationReference = 6E5DCC93F7BDA1B362378A7C /* Pods-NostelgiAlbum.release.xcconfig */;
			buildSettings = {
				ASSETCATALOG_COMPILER_APPICON_NAME = AppIcon;
				ASSETCATALOG_COMPILER_GLOBAL_ACCENT_COLOR_NAME = AccentColor;
				ASSETCATALOG_COMPILER_INCLUDE_ALL_APPICON_ASSETS = YES;
				CODE_SIGN_ENTITLEMENTS = NostelgiAlbum/NostelgiAlbum.entitlements;
				CODE_SIGN_IDENTITY = "Apple Development";
				CODE_SIGN_STYLE = Automatic;
				CURRENT_PROJECT_VERSION = 1;
				DEVELOPMENT_TEAM = 8A6XY8WY2J;
				GENERATE_INFOPLIST_FILE = YES;
				INFOPLIST_FILE = NostelgiAlbum/Info.plist;
				INFOPLIST_KEY_CFBundleDisplayName = NostelgiAlbum;
				INFOPLIST_KEY_NSCameraUsageDescription = "앱에서 카메라를 사용하기 위해 카메라 접근 권한을 허용해주세요. 카메라를 통해 앱에 등록한 사진은 디바이스에만 저장됩니다.";
				INFOPLIST_KEY_NSPhotoLibraryAddUsageDescription = "앱에서 앨범을 사용하기 위해 앨범 접근 권한을 허용해주세요. 앨범을 통해 앱에 등록한 사진은 디바이스에만 저장됩니다.";
				INFOPLIST_KEY_NSPhotoLibraryUsageDescription = "앱에서 앨범을 사용하기 위해 앨범 접근 권한을 허용해주세요. 앨범을 통해 앱에 등록한 사진은 디바이스에만 저장됩니다.";
				INFOPLIST_KEY_UIApplicationSupportsIndirectInputEvents = YES;
				INFOPLIST_KEY_UILaunchStoryboardName = LaunchScreen.storyboard;
				INFOPLIST_KEY_UIMainStoryboardFile = Main;
				INFOPLIST_KEY_UISupportedInterfaceOrientations_iPad = "UIInterfaceOrientationPortrait UIInterfaceOrientationPortraitUpsideDown UIInterfaceOrientationLandscapeLeft UIInterfaceOrientationLandscapeRight";
				INFOPLIST_KEY_UISupportedInterfaceOrientations_iPhone = "UIInterfaceOrientationPortrait UIInterfaceOrientationLandscapeLeft UIInterfaceOrientationLandscapeRight";
				IPHONEOS_DEPLOYMENT_TARGET = 16.1;
				LD_RUNPATH_SEARCH_PATHS = (
					"$(inherited)",
					"@executable_path/Frameworks",
				);
				MARKETING_VERSION = 1.0;
				PRODUCT_BUNDLE_IDENTIFIER = "com.App-in-App-le.NostelgiAlbum";
				PRODUCT_NAME = "$(TARGET_NAME)";
				PROVISIONING_PROFILE_SPECIFIER = "";
				SUPPORTED_PLATFORMS = "iphoneos iphonesimulator";
				SUPPORTS_MACCATALYST = NO;
				SUPPORTS_MAC_DESIGNED_FOR_IPHONE_IPAD = NO;
				SWIFT_EMIT_LOC_STRINGS = YES;
				SWIFT_VERSION = 5.0;
				TARGETED_DEVICE_FAMILY = 1;
			};
			name = Release;
		};
		8094CA4E28EDC65900E70F76 /* Debug */ = {
			isa = XCBuildConfiguration;
			baseConfigurationReference = 91F58AEC0D6B332A167C129D /* Pods-NostelgiAlbumTests.debug.xcconfig */;
			buildSettings = {
				ALWAYS_EMBED_SWIFT_STANDARD_LIBRARIES = YES;
				BUNDLE_LOADER = "$(TEST_HOST)";
				CODE_SIGN_STYLE = Automatic;
				CURRENT_PROJECT_VERSION = 1;
				DEVELOPMENT_TEAM = 8A6XY8WY2J;
				GENERATE_INFOPLIST_FILE = YES;
				IPHONEOS_DEPLOYMENT_TARGET = 16.1;
				MARKETING_VERSION = 1.0;
				PRODUCT_BUNDLE_IDENTIFIER = com.mingu.NostelgiAlbumTests;
				PRODUCT_NAME = "$(TARGET_NAME)";
				SWIFT_EMIT_LOC_STRINGS = NO;
				SWIFT_VERSION = 5.0;
				TARGETED_DEVICE_FAMILY = "1,2";
				TEST_HOST = "$(BUILT_PRODUCTS_DIR)/NostelgiAlbum.app/NostelgiAlbum";
			};
			name = Debug;
		};
		8094CA4F28EDC65900E70F76 /* Release */ = {
			isa = XCBuildConfiguration;
			baseConfigurationReference = D8BEDED1B5046A84DA5ED8E9 /* Pods-NostelgiAlbumTests.release.xcconfig */;
			buildSettings = {
				ALWAYS_EMBED_SWIFT_STANDARD_LIBRARIES = YES;
				BUNDLE_LOADER = "$(TEST_HOST)";
				CODE_SIGN_STYLE = Automatic;
				CURRENT_PROJECT_VERSION = 1;
				DEVELOPMENT_TEAM = 8A6XY8WY2J;
				GENERATE_INFOPLIST_FILE = YES;
				IPHONEOS_DEPLOYMENT_TARGET = 16.1;
				MARKETING_VERSION = 1.0;
				PRODUCT_BUNDLE_IDENTIFIER = com.mingu.NostelgiAlbumTests;
				PRODUCT_NAME = "$(TARGET_NAME)";
				SWIFT_EMIT_LOC_STRINGS = NO;
				SWIFT_VERSION = 5.0;
				TARGETED_DEVICE_FAMILY = "1,2";
				TEST_HOST = "$(BUILT_PRODUCTS_DIR)/NostelgiAlbum.app/NostelgiAlbum";
			};
			name = Release;
		};
		8094CA5128EDC65900E70F76 /* Debug */ = {
			isa = XCBuildConfiguration;
			baseConfigurationReference = 09E86ACB70C1454B76E222B5 /* Pods-NostelgiAlbum-NostelgiAlbumUITests.debug.xcconfig */;
			buildSettings = {
				ALWAYS_EMBED_SWIFT_STANDARD_LIBRARIES = YES;
				CODE_SIGN_STYLE = Automatic;
				CURRENT_PROJECT_VERSION = 1;
				DEVELOPMENT_TEAM = 8A6XY8WY2J;
				GENERATE_INFOPLIST_FILE = YES;
				MARKETING_VERSION = 1.0;
				PRODUCT_BUNDLE_IDENTIFIER = com.mingu.NostelgiAlbumUITests;
				PRODUCT_NAME = "$(TARGET_NAME)";
				SWIFT_EMIT_LOC_STRINGS = NO;
				SWIFT_VERSION = 5.0;
				TARGETED_DEVICE_FAMILY = "1,2";
				TEST_TARGET_NAME = NostelgiAlbum;
			};
			name = Debug;
		};
		8094CA5228EDC65900E70F76 /* Release */ = {
			isa = XCBuildConfiguration;
			baseConfigurationReference = 6601033F99ABB4CE0338C61C /* Pods-NostelgiAlbum-NostelgiAlbumUITests.release.xcconfig */;
			buildSettings = {
				ALWAYS_EMBED_SWIFT_STANDARD_LIBRARIES = YES;
				CODE_SIGN_STYLE = Automatic;
				CURRENT_PROJECT_VERSION = 1;
				DEVELOPMENT_TEAM = 8A6XY8WY2J;
				GENERATE_INFOPLIST_FILE = YES;
				MARKETING_VERSION = 1.0;
				PRODUCT_BUNDLE_IDENTIFIER = com.mingu.NostelgiAlbumUITests;
				PRODUCT_NAME = "$(TARGET_NAME)";
				SWIFT_EMIT_LOC_STRINGS = NO;
				SWIFT_VERSION = 5.0;
				TARGETED_DEVICE_FAMILY = "1,2";
				TEST_TARGET_NAME = NostelgiAlbum;
			};
			name = Release;
		};
/* End XCBuildConfiguration section */

/* Begin XCConfigurationList section */
		8094CA1B28EDC65500E70F76 /* Build configuration list for PBXProject "NostelgiAlbum" */ = {
			isa = XCConfigurationList;
			buildConfigurations = (
				8094CA4828EDC65900E70F76 /* Debug */,
				8094CA4928EDC65900E70F76 /* Release */,
			);
			defaultConfigurationIsVisible = 0;
			defaultConfigurationName = Release;
		};
		8094CA4A28EDC65900E70F76 /* Build configuration list for PBXNativeTarget "NostelgiAlbum" */ = {
			isa = XCConfigurationList;
			buildConfigurations = (
				8094CA4B28EDC65900E70F76 /* Debug */,
				8094CA4C28EDC65900E70F76 /* Release */,
			);
			defaultConfigurationIsVisible = 0;
			defaultConfigurationName = Release;
		};
		8094CA4D28EDC65900E70F76 /* Build configuration list for PBXNativeTarget "NostelgiAlbumTests" */ = {
			isa = XCConfigurationList;
			buildConfigurations = (
				8094CA4E28EDC65900E70F76 /* Debug */,
				8094CA4F28EDC65900E70F76 /* Release */,
			);
			defaultConfigurationIsVisible = 0;
			defaultConfigurationName = Release;
		};
		8094CA5028EDC65900E70F76 /* Build configuration list for PBXNativeTarget "NostelgiAlbumUITests" */ = {
			isa = XCConfigurationList;
			buildConfigurations = (
				8094CA5128EDC65900E70F76 /* Debug */,
				8094CA5228EDC65900E70F76 /* Release */,
			);
			defaultConfigurationIsVisible = 0;
			defaultConfigurationName = Release;
		};
/* End XCConfigurationList section */
	};
	rootObject = 8094CA1828EDC65500E70F76 /* Project object */;
}
